<?xml version="1.0" encoding="UTF-8"?>
<!DOCTYPE plist PUBLIC "-//Apple//DTD PLIST 1.0//EN" "http://www.apple.com/DTDs/PropertyList-1.0.dtd">
<plist version="1.0">
<dict>
	<key>archiveVersion</key>
	<string>1</string>
	<key>classes</key>
	<dict/>
	<key>objectVersion</key>
	<string>46</string>
	<key>objects</key>
	<dict>
		<key>0E1E92A54A896734437D6F41</key>
		<dict>
			<key>fileRef</key>
			<string>C2BB328F5E0FBFFE7C0F60F5</string>
			<key>isa</key>
			<string>PBXBuildFile</string>
		</dict>
		<key>2186FC149240B4EE9D03863A</key>
		<dict>
			<key>children</key>
			<array>
				<string>C2BB328F5E0FBFFE7C0F60F5</string>
			</array>
			<key>isa</key>
			<string>PBXGroup</string>
			<key>name</key>
			<string>Frameworks</string>
			<key>sourceTree</key>
			<string>&lt;group&gt;</string>
		</dict>
		<key>4193F4D7BF06C47FD1639B0D</key>
		<dict>
			<key>buildActionMask</key>
			<string>2147483647</string>
			<key>files</key>
			<array/>
			<key>inputPaths</key>
			<array/>
			<key>isa</key>
			<string>PBXShellScriptBuildPhase</string>
			<key>name</key>
			<string>Copy Pods Resources</string>
			<key>outputPaths</key>
			<array/>
			<key>runOnlyForDeploymentPostprocessing</key>
			<string>0</string>
			<key>shellPath</key>
			<string>/bin/sh</string>
			<key>shellScript</key>
			<string>"${SRCROOT}/Pods/Target Support Files/Pods/Pods-resources.sh"
</string>
			<key>showEnvVarsInLog</key>
			<string>0</string>
		</dict>
		<key>542D6EC0C1481A4B1D195EB0</key>
		<dict>
			<key>includeInIndex</key>
			<string>1</string>
			<key>isa</key>
			<string>PBXFileReference</string>
			<key>lastKnownFileType</key>
			<string>text.xcconfig</string>
			<key>name</key>
			<string>Pods.debug.xcconfig</string>
			<key>path</key>
			<string>Pods/Target Support Files/Pods/Pods.debug.xcconfig</string>
			<key>sourceTree</key>
			<string>&lt;group&gt;</string>
		</dict>
		<key>5B7661BFD3E6A46FEDC1ACC8</key>
		<dict>
			<key>buildActionMask</key>
			<string>2147483647</string>
			<key>files</key>
			<array/>
			<key>inputPaths</key>
			<array/>
			<key>isa</key>
			<string>PBXShellScriptBuildPhase</string>
			<key>name</key>
			<string>Check Pods Manifest.lock</string>
			<key>outputPaths</key>
			<array/>
			<key>runOnlyForDeploymentPostprocessing</key>
			<string>0</string>
			<key>shellPath</key>
			<string>/bin/sh</string>
			<key>shellScript</key>
			<string>diff "${PODS_ROOT}/../Podfile.lock" "${PODS_ROOT}/Manifest.lock" &gt; /dev/null
if [[ $? != 0 ]] ; then
    cat &lt;&lt; EOM
error: The sandbox is not in sync with the Podfile.lock. Run 'pod install' or update your CocoaPods installation.
EOM
    exit 1
fi
</string>
			<key>showEnvVarsInLog</key>
			<string>0</string>
		</dict>
		<key>A028D1171B3ABB680021303F</key>
		<dict>
			<key>children</key>
			<array>
				<string>A028D1181B3ABB680021303F</string>
				<string>A028D1191B3ABB680021303F</string>
				<string>A028D11A1B3ABB680021303F</string>
				<string>A028D11B1B3ABB680021303F</string>
				<string>A028D11C1B3ABB680021303F</string>
			</array>
			<key>isa</key>
			<string>PBXGroup</string>
			<key>path</key>
			<string>ADScrollView</string>
			<key>sourceTree</key>
			<string>&lt;group&gt;</string>
		</dict>
		<key>A028D1181B3ABB680021303F</key>
		<dict>
			<key>fileEncoding</key>
			<string>4</string>
			<key>isa</key>
			<string>PBXFileReference</string>
			<key>lastKnownFileType</key>
			<string>sourcecode.c.h</string>
			<key>path</key>
			<string>AdDataModel.h</string>
			<key>sourceTree</key>
			<string>&lt;group&gt;</string>
		</dict>
		<key>A028D1191B3ABB680021303F</key>
		<dict>
			<key>fileEncoding</key>
			<string>4</string>
			<key>isa</key>
			<string>PBXFileReference</string>
			<key>lastKnownFileType</key>
			<string>sourcecode.c.objc</string>
			<key>path</key>
			<string>AdDataModel.m</string>
			<key>sourceTree</key>
			<string>&lt;group&gt;</string>
		</dict>
		<key>A028D11A1B3ABB680021303F</key>
		<dict>
			<key>fileEncoding</key>
			<string>4</string>
			<key>isa</key>
			<string>PBXFileReference</string>
			<key>lastKnownFileType</key>
			<string>text.plist.xml</string>
			<key>path</key>
			<string>AdDataPlist.plist</string>
			<key>sourceTree</key>
			<string>&lt;group&gt;</string>
		</dict>
		<key>A028D11B1B3ABB680021303F</key>
		<dict>
			<key>fileEncoding</key>
			<string>4</string>
			<key>isa</key>
			<string>PBXFileReference</string>
			<key>lastKnownFileType</key>
			<string>sourcecode.c.h</string>
			<key>path</key>
			<string>AdScrollView.h</string>
			<key>sourceTree</key>
			<string>&lt;group&gt;</string>
		</dict>
		<key>A028D11C1B3ABB680021303F</key>
		<dict>
			<key>fileEncoding</key>
			<string>4</string>
			<key>isa</key>
			<string>PBXFileReference</string>
			<key>lastKnownFileType</key>
			<string>sourcecode.c.objc</string>
			<key>path</key>
			<string>AdScrollView.m</string>
			<key>sourceTree</key>
			<string>&lt;group&gt;</string>
		</dict>
		<key>A028D11D1B3ABB680021303F</key>
		<dict>
			<key>fileRef</key>
			<string>A028D1191B3ABB680021303F</string>
			<key>isa</key>
			<string>PBXBuildFile</string>
		</dict>
		<key>A028D11E1B3ABB680021303F</key>
		<dict>
			<key>fileRef</key>
			<string>A028D11A1B3ABB680021303F</string>
			<key>isa</key>
			<string>PBXBuildFile</string>
		</dict>
		<key>A028D11F1B3ABB680021303F</key>
		<dict>
			<key>fileRef</key>
			<string>A028D11C1B3ABB680021303F</string>
			<key>isa</key>
			<string>PBXBuildFile</string>
		</dict>
		<key>A07466401B35808D00ED60A2</key>
		<dict>
			<key>children</key>
			<array>
				<string>A07466411B35808D00ED60A2</string>
				<string>A07466421B35808D00ED60A2</string>
				<string>A07466431B35808D00ED60A2</string>
				<string>A07466441B35808D00ED60A2</string>
				<string>A07466451B35808D00ED60A2</string>
				<string>A07466461B35808D00ED60A2</string>
			</array>
			<key>isa</key>
			<string>PBXGroup</string>
			<key>path</key>
			<string>CustTabBarController</string>
			<key>sourceTree</key>
			<string>&lt;group&gt;</string>
		</dict>
		<key>A07466411B35808D00ED60A2</key>
		<dict>
			<key>fileEncoding</key>
			<string>4</string>
			<key>isa</key>
			<string>PBXFileReference</string>
			<key>lastKnownFileType</key>
			<string>sourcecode.c.h</string>
			<key>path</key>
			<string>ZZTabBarItem.h</string>
			<key>sourceTree</key>
			<string>&lt;group&gt;</string>
		</dict>
		<key>A07466421B35808D00ED60A2</key>
		<dict>
			<key>fileEncoding</key>
			<string>4</string>
			<key>isa</key>
			<string>PBXFileReference</string>
			<key>lastKnownFileType</key>
			<string>sourcecode.c.objc</string>
			<key>path</key>
			<string>ZZTabBarItem.m</string>
			<key>sourceTree</key>
			<string>&lt;group&gt;</string>
		</dict>
		<key>A07466431B35808D00ED60A2</key>
		<dict>
			<key>fileEncoding</key>
			<string>4</string>
			<key>isa</key>
			<string>PBXFileReference</string>
			<key>lastKnownFileType</key>
			<string>sourcecode.c.h</string>
			<key>path</key>
			<string>ZZTabBarView.h</string>
			<key>sourceTree</key>
			<string>&lt;group&gt;</string>
		</dict>
		<key>A07466441B35808D00ED60A2</key>
		<dict>
			<key>fileEncoding</key>
			<string>4</string>
			<key>isa</key>
			<string>PBXFileReference</string>
			<key>lastKnownFileType</key>
			<string>sourcecode.c.objc</string>
			<key>path</key>
			<string>ZZTabBarView.m</string>
			<key>sourceTree</key>
			<string>&lt;group&gt;</string>
		</dict>
		<key>A07466451B35808D00ED60A2</key>
		<dict>
			<key>fileEncoding</key>
			<string>4</string>
			<key>isa</key>
			<string>PBXFileReference</string>
			<key>lastKnownFileType</key>
			<string>sourcecode.c.h</string>
			<key>path</key>
			<string>ZZTabBarViewController.h</string>
			<key>sourceTree</key>
			<string>&lt;group&gt;</string>
		</dict>
		<key>A07466461B35808D00ED60A2</key>
		<dict>
			<key>fileEncoding</key>
			<string>4</string>
			<key>isa</key>
			<string>PBXFileReference</string>
			<key>lastKnownFileType</key>
			<string>sourcecode.c.objc</string>
			<key>path</key>
			<string>ZZTabBarViewController.m</string>
			<key>sourceTree</key>
			<string>&lt;group&gt;</string>
		</dict>
		<key>A07466471B35808D00ED60A2</key>
		<dict>
			<key>fileRef</key>
			<string>A07466421B35808D00ED60A2</string>
			<key>isa</key>
			<string>PBXBuildFile</string>
		</dict>
		<key>A07466481B35808D00ED60A2</key>
		<dict>
			<key>fileRef</key>
			<string>A07466441B35808D00ED60A2</string>
			<key>isa</key>
			<string>PBXBuildFile</string>
		</dict>
		<key>A07466491B35808D00ED60A2</key>
		<dict>
			<key>fileRef</key>
			<string>A07466461B35808D00ED60A2</string>
			<key>isa</key>
			<string>PBXBuildFile</string>
		</dict>
		<key>A0751D021B37C30700F546BE</key>
		<dict>
			<key>fileEncoding</key>
			<string>4</string>
			<key>isa</key>
			<string>PBXFileReference</string>
			<key>lastKnownFileType</key>
			<string>sourcecode.c.h</string>
			<key>name</key>
			<string>MainViewController.h</string>
			<key>path</key>
			<string>DemoTree/Controller/MainViewController.h</string>
			<key>sourceTree</key>
			<string>SOURCE_ROOT</string>
		</dict>
		<key>A0751D031B37C30700F546BE</key>
		<dict>
			<key>fileEncoding</key>
			<string>4</string>
			<key>isa</key>
			<string>PBXFileReference</string>
			<key>lastKnownFileType</key>
			<string>sourcecode.c.objc</string>
			<key>name</key>
			<string>MainViewController.m</string>
			<key>path</key>
			<string>DemoTree/Controller/MainViewController.m</string>
			<key>sourceTree</key>
			<string>SOURCE_ROOT</string>
		</dict>
		<key>A0751D041B37C30700F546BE</key>
		<dict>
			<key>fileRef</key>
			<string>A0751D031B37C30700F546BE</string>
			<key>isa</key>
			<string>PBXBuildFile</string>
		</dict>
		<key>A0751D051B37C30C00F546BE</key>
		<dict>
			<key>children</key>
			<array>
				<string>A0751D1C1B38248200F546BE</string>
				<string>A0751D021B37C30700F546BE</string>
				<string>A0751D031B37C30700F546BE</string>
			</array>
			<key>isa</key>
			<string>PBXGroup</string>
			<key>path</key>
			<string>Main</string>
			<key>sourceTree</key>
			<string>&lt;group&gt;</string>
		</dict>
		<key>A0751D061B37C31100F546BE</key>
		<dict>
			<key>children</key>
			<array>
				<string>A0751D091B37C37700F546BE</string>
				<string>A0751D0A1B37C37700F546BE</string>
			</array>
			<key>isa</key>
			<string>PBXGroup</string>
			<key>path</key>
			<string>Second</string>
			<key>sourceTree</key>
			<string>&lt;group&gt;</string>
		</dict>
		<key>A0751D071B37C31A00F546BE</key>
		<dict>
			<key>children</key>
			<array>
				<string>A0751D0C1B37C38000F546BE</string>
				<string>A0751D0D1B37C38000F546BE</string>
			</array>
			<key>isa</key>
			<string>PBXGroup</string>
			<key>path</key>
			<string>Third</string>
			<key>sourceTree</key>
			<string>&lt;group&gt;</string>
		</dict>
		<key>A0751D081B37C32100F546BE</key>
		<dict>
			<key>children</key>
			<array>
				<string>A0751D0F1B37C38B00F546BE</string>
				<string>A0751D101B37C38B00F546BE</string>
			</array>
			<key>isa</key>
			<string>PBXGroup</string>
			<key>path</key>
			<string>Fourth</string>
			<key>sourceTree</key>
			<string>&lt;group&gt;</string>
		</dict>
		<key>A0751D091B37C37700F546BE</key>
		<dict>
			<key>fileEncoding</key>
			<string>4</string>
			<key>isa</key>
			<string>PBXFileReference</string>
			<key>lastKnownFileType</key>
			<string>sourcecode.c.h</string>
			<key>path</key>
			<string>SecondViewController.h</string>
			<key>sourceTree</key>
			<string>&lt;group&gt;</string>
		</dict>
		<key>A0751D0A1B37C37700F546BE</key>
		<dict>
			<key>fileEncoding</key>
			<string>4</string>
			<key>isa</key>
			<string>PBXFileReference</string>
			<key>lastKnownFileType</key>
			<string>sourcecode.c.objc</string>
			<key>path</key>
			<string>SecondViewController.m</string>
			<key>sourceTree</key>
			<string>&lt;group&gt;</string>
		</dict>
		<key>A0751D0B1B37C37700F546BE</key>
		<dict>
			<key>fileRef</key>
			<string>A0751D0A1B37C37700F546BE</string>
			<key>isa</key>
			<string>PBXBuildFile</string>
		</dict>
		<key>A0751D0C1B37C38000F546BE</key>
		<dict>
			<key>fileEncoding</key>
			<string>4</string>
			<key>isa</key>
			<string>PBXFileReference</string>
			<key>lastKnownFileType</key>
			<string>sourcecode.c.h</string>
			<key>path</key>
			<string>ThirdViewController.h</string>
			<key>sourceTree</key>
			<string>&lt;group&gt;</string>
		</dict>
		<key>A0751D0D1B37C38000F546BE</key>
		<dict>
			<key>fileEncoding</key>
			<string>4</string>
			<key>isa</key>
			<string>PBXFileReference</string>
			<key>lastKnownFileType</key>
			<string>sourcecode.c.objc</string>
			<key>path</key>
			<string>ThirdViewController.m</string>
			<key>sourceTree</key>
			<string>&lt;group&gt;</string>
		</dict>
		<key>A0751D0E1B37C38000F546BE</key>
		<dict>
			<key>fileRef</key>
			<string>A0751D0D1B37C38000F546BE</string>
			<key>isa</key>
			<string>PBXBuildFile</string>
		</dict>
		<key>A0751D0F1B37C38B00F546BE</key>
		<dict>
			<key>fileEncoding</key>
			<string>4</string>
			<key>isa</key>
			<string>PBXFileReference</string>
			<key>lastKnownFileType</key>
			<string>sourcecode.c.h</string>
			<key>path</key>
			<string>FourthViewController.h</string>
			<key>sourceTree</key>
			<string>&lt;group&gt;</string>
		</dict>
		<key>A0751D101B37C38B00F546BE</key>
		<dict>
			<key>fileEncoding</key>
			<string>4</string>
			<key>isa</key>
			<string>PBXFileReference</string>
			<key>lastKnownFileType</key>
			<string>sourcecode.c.objc</string>
			<key>path</key>
			<string>FourthViewController.m</string>
			<key>sourceTree</key>
			<string>&lt;group&gt;</string>
		</dict>
		<key>A0751D111B37C38B00F546BE</key>
		<dict>
			<key>fileRef</key>
			<string>A0751D101B37C38B00F546BE</string>
			<key>isa</key>
			<string>PBXBuildFile</string>
		</dict>
		<key>A0751D121B37C3E000F546BE</key>
		<dict>
			<key>children</key>
			<array>
				<string>A0751D161B37C45800F546BE</string>
				<string>A0751D171B37C45800F546BE</string>
			</array>
			<key>isa</key>
			<string>PBXGroup</string>
			<key>path</key>
			<string>SuperClass</string>
			<key>sourceTree</key>
			<string>&lt;group&gt;</string>
		</dict>
		<key>A0751D161B37C45800F546BE</key>
		<dict>
			<key>fileEncoding</key>
			<string>4</string>
			<key>isa</key>
			<string>PBXFileReference</string>
			<key>lastKnownFileType</key>
			<string>sourcecode.c.h</string>
			<key>path</key>
			<string>ZZNaivgationController.h</string>
			<key>sourceTree</key>
			<string>&lt;group&gt;</string>
		</dict>
		<key>A0751D171B37C45800F546BE</key>
		<dict>
			<key>fileEncoding</key>
			<string>4</string>
			<key>isa</key>
			<string>PBXFileReference</string>
			<key>lastKnownFileType</key>
			<string>sourcecode.c.objc</string>
			<key>path</key>
			<string>ZZNaivgationController.m</string>
			<key>sourceTree</key>
			<string>&lt;group&gt;</string>
		</dict>
		<key>A0751D181B37C45800F546BE</key>
		<dict>
			<key>fileRef</key>
			<string>A0751D171B37C45800F546BE</string>
			<key>isa</key>
			<string>PBXBuildFile</string>
		</dict>
		<key>A0751D1C1B38248200F546BE</key>
		<dict>
			<key>children</key>
			<array>
				<string>A0751D1D1B3824B700F546BE</string>
				<string>A0751D1E1B3824B700F546BE</string>
			</array>
			<key>isa</key>
			<string>PBXGroup</string>
			<key>path</key>
			<string>Views</string>
			<key>sourceTree</key>
			<string>&lt;group&gt;</string>
		</dict>
		<key>A0751D1D1B3824B700F546BE</key>
		<dict>
			<key>fileEncoding</key>
			<string>4</string>
			<key>isa</key>
			<string>PBXFileReference</string>
			<key>lastKnownFileType</key>
			<string>sourcecode.c.h</string>
			<key>path</key>
			<string>MainHeaderView.h</string>
			<key>sourceTree</key>
			<string>&lt;group&gt;</string>
		</dict>
		<key>A0751D1E1B3824B700F546BE</key>
		<dict>
			<key>fileEncoding</key>
			<string>4</string>
			<key>isa</key>
			<string>PBXFileReference</string>
			<key>lastKnownFileType</key>
			<string>sourcecode.c.objc</string>
			<key>path</key>
			<string>MainHeaderView.m</string>
			<key>sourceTree</key>
			<string>&lt;group&gt;</string>
		</dict>
		<key>A0751D1F1B3824B700F546BE</key>
		<dict>
			<key>fileRef</key>
			<string>A0751D1E1B3824B700F546BE</string>
			<key>isa</key>
			<string>PBXBuildFile</string>
		</dict>
		<key>A0DE996A1B357A590097E66F</key>
		<dict>
			<key>children</key>
			<array>
				<string>A028D1171B3ABB680021303F</string>
				<string>A07466401B35808D00ED60A2</string>
			</array>
			<key>isa</key>
			<string>PBXGroup</string>
			<key>path</key>
			<string>ThreeParty</string>
			<key>sourceTree</key>
			<string>&lt;group&gt;</string>
		</dict>
		<key>A0DFCBBC1B2D7CEA00A1D91F</key>
		<dict>
			<key>children</key>
			<array>
				<string>A0DFCBC71B2D7CEA00A1D91F</string>
				<string>A0DFCBE11B2D7CEA00A1D91F</string>
				<string>A0DFCBC61B2D7CEA00A1D91F</string>
				<string>E69EDE8E5DAD6EFCA9573036</string>
				<string>2186FC149240B4EE9D03863A</string>
			</array>
			<key>isa</key>
			<string>PBXGroup</string>
			<key>sourceTree</key>
			<string>&lt;group&gt;</string>
		</dict>
		<key>A0DFCBBD1B2D7CEA00A1D91F</key>
		<dict>
			<key>attributes</key>
			<dict>
				<key>LastUpgradeCheck</key>
				<string>0630</string>
				<key>ORGANIZATIONNAME</key>
				<string>&#23567;&#24736;&#32654;&#21416;</string>
				<key>TargetAttributes</key>
				<dict>
					<key>A0DFCBC41B2D7CEA00A1D91F</key>
					<dict>
						<key>CreatedOnToolsVersion</key>
						<string>6.3.1</string>
					</dict>
					<key>A0DFCBDD1B2D7CEA00A1D91F</key>
					<dict>
						<key>CreatedOnToolsVersion</key>
						<string>6.3.1</string>
						<key>TestTargetID</key>
						<string>A0DFCBC41B2D7CEA00A1D91F</string>
					</dict>
				</dict>
			</dict>
			<key>buildConfigurationList</key>
			<string>A0DFCBC01B2D7CEA00A1D91F</string>
			<key>compatibilityVersion</key>
			<string>Xcode 3.2</string>
			<key>developmentRegion</key>
			<string>English</string>
			<key>hasScannedForEncodings</key>
			<string>0</string>
			<key>isa</key>
			<string>PBXProject</string>
			<key>knownRegions</key>
			<array>
				<string>en</string>
				<string>Base</string>
			</array>
			<key>mainGroup</key>
			<string>A0DFCBBC1B2D7CEA00A1D91F</string>
			<key>productRefGroup</key>
			<string>A0DFCBC61B2D7CEA00A1D91F</string>
			<key>projectDirPath</key>
			<string></string>
			<key>projectReferences</key>
			<array/>
			<key>projectRoot</key>
			<string></string>
			<key>targets</key>
			<array>
				<string>A0DFCBC41B2D7CEA00A1D91F</string>
				<string>A0DFCBDD1B2D7CEA00A1D91F</string>
			</array>
		</dict>
		<key>A0DFCBC01B2D7CEA00A1D91F</key>
		<dict>
			<key>buildConfigurations</key>
			<array>
				<string>A0DFCBE61B2D7CEA00A1D91F</string>
				<string>A0DFCBE71B2D7CEA00A1D91F</string>
			</array>
			<key>defaultConfigurationIsVisible</key>
			<string>0</string>
			<key>defaultConfigurationName</key>
			<string>Release</string>
			<key>isa</key>
			<string>XCConfigurationList</string>
		</dict>
		<key>A0DFCBC11B2D7CEA00A1D91F</key>
		<dict>
			<key>buildActionMask</key>
			<string>2147483647</string>
			<key>files</key>
			<array>
				<string>A0751D1F1B3824B700F546BE</string>
				<string>A07466491B35808D00ED60A2</string>
				<string>A028D11D1B3ABB680021303F</string>
				<string>A07466471B35808D00ED60A2</string>
				<string>A0DFCBD11B2D7CEA00A1D91F</string>
				<string>A0DFCBCE1B2D7CEA00A1D91F</string>
				<string>A0751D0B1B37C37700F546BE</string>
				<string>A0751D0E1B37C38000F546BE</string>
				<string>A0751D181B37C45800F546BE</string>
				<string>A0751D111B37C38B00F546BE</string>
				<string>A0751D041B37C30700F546BE</string>
				<string>A07466481B35808D00ED60A2</string>
				<string>A028D11F1B3ABB680021303F</string>
				<string>A0DFCBCB1B2D7CEA00A1D91F</string>
			</array>
			<key>isa</key>
			<string>PBXSourcesBuildPhase</string>
			<key>runOnlyForDeploymentPostprocessing</key>
			<string>0</string>
		</dict>
		<key>A0DFCBC21B2D7CEA00A1D91F</key>
		<dict>
			<key>buildActionMask</key>
			<string>2147483647</string>
			<key>files</key>
			<array>
				<string>0E1E92A54A896734437D6F41</string>
			</array>
			<key>isa</key>
			<string>PBXFrameworksBuildPhase</string>
			<key>runOnlyForDeploymentPostprocessing</key>
			<string>0</string>
		</dict>
		<key>A0DFCBC31B2D7CEA00A1D91F</key>
		<dict>
			<key>buildActionMask</key>
			<string>2147483647</string>
			<key>files</key>
			<array>
				<string>A0DFCBD41B2D7CEA00A1D91F</string>
				<string>A0DFCBD91B2D7CEA00A1D91F</string>
				<string>A028D11E1B3ABB680021303F</string>
				<string>A0DFCBD61B2D7CEA00A1D91F</string>
			</array>
			<key>isa</key>
			<string>PBXResourcesBuildPhase</string>
			<key>runOnlyForDeploymentPostprocessing</key>
			<string>0</string>
		</dict>
		<key>A0DFCBC41B2D7CEA00A1D91F</key>
		<dict>
			<key>buildConfigurationList</key>
			<string>A0DFCBE81B2D7CEA00A1D91F</string>
			<key>buildPhases</key>
			<array>
				<string>5B7661BFD3E6A46FEDC1ACC8</string>
				<string>A0DFCBC11B2D7CEA00A1D91F</string>
				<string>A0DFCBC21B2D7CEA00A1D91F</string>
				<string>A0DFCBC31B2D7CEA00A1D91F</string>
				<string>4193F4D7BF06C47FD1639B0D</string>
			</array>
			<key>buildRules</key>
			<array/>
			<key>dependencies</key>
			<array/>
			<key>isa</key>
			<string>PBXNativeTarget</string>
			<key>name</key>
			<string>DemoTree</string>
			<key>productName</key>
			<string>DemoTree</string>
			<key>productReference</key>
			<string>A0DFCBC51B2D7CEA00A1D91F</string>
			<key>productType</key>
			<string>com.apple.product-type.application</string>
		</dict>
		<key>A0DFCBC51B2D7CEA00A1D91F</key>
		<dict>
			<key>explicitFileType</key>
			<string>wrapper.application</string>
			<key>includeInIndex</key>
			<string>0</string>
			<key>isa</key>
			<string>PBXFileReference</string>
			<key>path</key>
			<string>DemoTree.app</string>
			<key>sourceTree</key>
			<string>BUILT_PRODUCTS_DIR</string>
		</dict>
		<key>A0DFCBC61B2D7CEA00A1D91F</key>
		<dict>
			<key>children</key>
			<array>
				<string>A0DFCBC51B2D7CEA00A1D91F</string>
				<string>A0DFCBDE1B2D7CEA00A1D91F</string>
			</array>
			<key>isa</key>
			<string>PBXGroup</string>
			<key>name</key>
			<string>Products</string>
			<key>sourceTree</key>
			<string>&lt;group&gt;</string>
		</dict>
		<key>A0DFCBC71B2D7CEA00A1D91F</key>
		<dict>
			<key>children</key>
			<array>
				<string>A0751D121B37C3E000F546BE</string>
				<string>A0DE996A1B357A590097E66F</string>
				<string>A0DFCBF01B2D7FA900A1D91F</string>
				<string>A0DFCBEF1B2D7F5300A1D91F</string>
				<string>A0DFCBEE1B2D7F0100A1D91F</string>
				<string>A0DFCBC81B2D7CEA00A1D91F</string>
			</array>
			<key>isa</key>
			<string>PBXGroup</string>
			<key>path</key>
			<string>DemoTree</string>
			<key>sourceTree</key>
			<string>&lt;group&gt;</string>
		</dict>
		<key>A0DFCBC81B2D7CEA00A1D91F</key>
		<dict>
			<key>children</key>
			<array>
				<string>A0DFCBC91B2D7CEA00A1D91F</string>
				<string>A0DFCBCA1B2D7CEA00A1D91F</string>
				<string>A0EE8F3E1B37C240002CD123</string>
			</array>
			<key>isa</key>
			<string>PBXGroup</string>
			<key>name</key>
			<string>Supporting Files</string>
			<key>sourceTree</key>
			<string>&lt;group&gt;</string>
		</dict>
		<key>A0DFCBC91B2D7CEA00A1D91F</key>
		<dict>
			<key>isa</key>
			<string>PBXFileReference</string>
			<key>lastKnownFileType</key>
			<string>text.plist.xml</string>
			<key>path</key>
			<string>Info.plist</string>
			<key>sourceTree</key>
			<string>&lt;group&gt;</string>
		</dict>
		<key>A0DFCBCA1B2D7CEA00A1D91F</key>
		<dict>
			<key>isa</key>
			<string>PBXFileReference</string>
			<key>lastKnownFileType</key>
			<string>sourcecode.c.objc</string>
			<key>path</key>
			<string>main.m</string>
			<key>sourceTree</key>
			<string>&lt;group&gt;</string>
		</dict>
		<key>A0DFCBCB1B2D7CEA00A1D91F</key>
		<dict>
			<key>fileRef</key>
			<string>A0DFCBCA1B2D7CEA00A1D91F</string>
			<key>isa</key>
			<string>PBXBuildFile</string>
		</dict>
		<key>A0DFCBCC1B2D7CEA00A1D91F</key>
		<dict>
			<key>isa</key>
			<string>PBXFileReference</string>
			<key>lastKnownFileType</key>
			<string>sourcecode.c.h</string>
			<key>name</key>
			<string>AppDelegate.h</string>
			<key>path</key>
			<string>../AppDelegate.h</string>
			<key>sourceTree</key>
			<string>&lt;group&gt;</string>
		</dict>
		<key>A0DFCBCD1B2D7CEA00A1D91F</key>
		<dict>
			<key>isa</key>
			<string>PBXFileReference</string>
			<key>lastKnownFileType</key>
			<string>sourcecode.c.objc</string>
			<key>name</key>
			<string>AppDelegate.m</string>
			<key>path</key>
			<string>../AppDelegate.m</string>
			<key>sourceTree</key>
			<string>&lt;group&gt;</string>
		</dict>
		<key>A0DFCBCE1B2D7CEA00A1D91F</key>
		<dict>
			<key>fileRef</key>
			<string>A0DFCBCD1B2D7CEA00A1D91F</string>
			<key>isa</key>
			<string>PBXBuildFile</string>
		</dict>
		<key>A0DFCBCF1B2D7CEA00A1D91F</key>
		<dict>
			<key>isa</key>
			<string>PBXFileReference</string>
			<key>lastKnownFileType</key>
			<string>sourcecode.c.h</string>
			<key>name</key>
			<string>ViewController.h</string>
			<key>path</key>
			<string>../ViewController.h</string>
			<key>sourceTree</key>
			<string>&lt;group&gt;</string>
		</dict>
		<key>A0DFCBD01B2D7CEA00A1D91F</key>
		<dict>
			<key>isa</key>
			<string>PBXFileReference</string>
			<key>lastKnownFileType</key>
			<string>sourcecode.c.objc</string>
			<key>name</key>
			<string>ViewController.m</string>
			<key>path</key>
			<string>../ViewController.m</string>
			<key>sourceTree</key>
			<string>&lt;group&gt;</string>
		</dict>
		<key>A0DFCBD11B2D7CEA00A1D91F</key>
		<dict>
			<key>fileRef</key>
			<string>A0DFCBD01B2D7CEA00A1D91F</string>
			<key>isa</key>
			<string>PBXBuildFile</string>
		</dict>
		<key>A0DFCBD21B2D7CEA00A1D91F</key>
		<dict>
			<key>children</key>
			<array>
				<string>A0DFCBD31B2D7CEA00A1D91F</string>
			</array>
			<key>isa</key>
			<string>PBXVariantGroup</string>
			<key>name</key>
			<string>Main.storyboard</string>
			<key>path</key>
			<string>..</string>
			<key>sourceTree</key>
			<string>&lt;group&gt;</string>
		</dict>
		<key>A0DFCBD31B2D7CEA00A1D91F</key>
		<dict>
			<key>isa</key>
			<string>PBXFileReference</string>
			<key>lastKnownFileType</key>
			<string>file.storyboard</string>
			<key>name</key>
			<string>Base</string>
			<key>path</key>
			<string>Base.lproj/Main.storyboard</string>
			<key>sourceTree</key>
			<string>&lt;group&gt;</string>
		</dict>
		<key>A0DFCBD41B2D7CEA00A1D91F</key>
		<dict>
			<key>fileRef</key>
			<string>A0DFCBD21B2D7CEA00A1D91F</string>
			<key>isa</key>
			<string>PBXBuildFile</string>
		</dict>
		<key>A0DFCBD51B2D7CEA00A1D91F</key>
		<dict>
			<key>isa</key>
			<string>PBXFileReference</string>
			<key>lastKnownFileType</key>
			<string>folder.assetcatalog</string>
			<key>name</key>
			<string>Images.xcassets</string>
			<key>path</key>
			<string>../Images.xcassets</string>
			<key>sourceTree</key>
			<string>&lt;group&gt;</string>
		</dict>
		<key>A0DFCBD61B2D7CEA00A1D91F</key>
		<dict>
			<key>fileRef</key>
			<string>A0DFCBD51B2D7CEA00A1D91F</string>
			<key>isa</key>
			<string>PBXBuildFile</string>
		</dict>
		<key>A0DFCBD71B2D7CEA00A1D91F</key>
		<dict>
			<key>children</key>
			<array>
				<string>A0DFCBD81B2D7CEA00A1D91F</string>
			</array>
			<key>isa</key>
			<string>PBXVariantGroup</string>
			<key>name</key>
			<string>LaunchScreen.xib</string>
			<key>path</key>
			<string>..</string>
			<key>sourceTree</key>
			<string>&lt;group&gt;</string>
		</dict>
		<key>A0DFCBD81B2D7CEA00A1D91F</key>
		<dict>
			<key>isa</key>
			<string>PBXFileReference</string>
			<key>lastKnownFileType</key>
			<string>file.xib</string>
			<key>name</key>
			<string>Base</string>
			<key>path</key>
			<string>Base.lproj/LaunchScreen.xib</string>
			<key>sourceTree</key>
			<string>&lt;group&gt;</string>
		</dict>
		<key>A0DFCBD91B2D7CEA00A1D91F</key>
		<dict>
			<key>fileRef</key>
			<string>A0DFCBD71B2D7CEA00A1D91F</string>
			<key>isa</key>
			<string>PBXBuildFile</string>
		</dict>
		<key>A0DFCBDA1B2D7CEA00A1D91F</key>
		<dict>
			<key>buildActionMask</key>
			<string>2147483647</string>
			<key>files</key>
			<array>
				<string>A0DFCBE51B2D7CEA00A1D91F</string>
			</array>
			<key>isa</key>
			<string>PBXSourcesBuildPhase</string>
			<key>runOnlyForDeploymentPostprocessing</key>
			<string>0</string>
		</dict>
		<key>A0DFCBDB1B2D7CEA00A1D91F</key>
		<dict>
			<key>buildActionMask</key>
			<string>2147483647</string>
			<key>files</key>
			<array/>
			<key>isa</key>
			<string>PBXFrameworksBuildPhase</string>
			<key>runOnlyForDeploymentPostprocessing</key>
			<string>0</string>
		</dict>
		<key>A0DFCBDC1B2D7CEA00A1D91F</key>
		<dict>
			<key>buildActionMask</key>
			<string>2147483647</string>
			<key>files</key>
			<array/>
			<key>isa</key>
			<string>PBXResourcesBuildPhase</string>
			<key>runOnlyForDeploymentPostprocessing</key>
			<string>0</string>
		</dict>
		<key>A0DFCBDD1B2D7CEA00A1D91F</key>
		<dict>
			<key>buildConfigurationList</key>
			<string>A0DFCBEB1B2D7CEA00A1D91F</string>
			<key>buildPhases</key>
			<array>
				<string>A0DFCBDA1B2D7CEA00A1D91F</string>
				<string>A0DFCBDB1B2D7CEA00A1D91F</string>
				<string>A0DFCBDC1B2D7CEA00A1D91F</string>
			</array>
			<key>buildRules</key>
			<array/>
			<key>dependencies</key>
			<array>
				<string>A0DFCBE01B2D7CEA00A1D91F</string>
			</array>
			<key>isa</key>
			<string>PBXNativeTarget</string>
			<key>name</key>
			<string>DemoTreeTests</string>
			<key>productName</key>
			<string>DemoTreeTests</string>
			<key>productReference</key>
			<string>A0DFCBDE1B2D7CEA00A1D91F</string>
			<key>productType</key>
			<string>com.apple.product-type.bundle.unit-test</string>
		</dict>
		<key>A0DFCBDE1B2D7CEA00A1D91F</key>
		<dict>
			<key>explicitFileType</key>
			<string>wrapper.cfbundle</string>
			<key>includeInIndex</key>
			<string>0</string>
			<key>isa</key>
			<string>PBXFileReference</string>
			<key>path</key>
			<string>DemoTreeTests.xctest</string>
			<key>sourceTree</key>
			<string>BUILT_PRODUCTS_DIR</string>
		</dict>
		<key>A0DFCBDF1B2D7CEA00A1D91F</key>
		<dict>
			<key>containerPortal</key>
			<string>A0DFCBBD1B2D7CEA00A1D91F</string>
			<key>isa</key>
			<string>PBXContainerItemProxy</string>
			<key>proxyType</key>
			<string>1</string>
			<key>remoteGlobalIDString</key>
			<string>A0DFCBC41B2D7CEA00A1D91F</string>
			<key>remoteInfo</key>
			<string>DemoTree</string>
		</dict>
		<key>A0DFCBE01B2D7CEA00A1D91F</key>
		<dict>
			<key>isa</key>
			<string>PBXTargetDependency</string>
			<key>target</key>
			<string>A0DFCBC41B2D7CEA00A1D91F</string>
			<key>targetProxy</key>
			<string>A0DFCBDF1B2D7CEA00A1D91F</string>
		</dict>
		<key>A0DFCBE11B2D7CEA00A1D91F</key>
		<dict>
			<key>children</key>
			<array>
				<string>A0DFCBE41B2D7CEA00A1D91F</string>
				<string>A0DFCBE21B2D7CEA00A1D91F</string>
			</array>
			<key>isa</key>
			<string>PBXGroup</string>
			<key>path</key>
			<string>DemoTreeTests</string>
			<key>sourceTree</key>
			<string>&lt;group&gt;</string>
		</dict>
		<key>A0DFCBE21B2D7CEA00A1D91F</key>
		<dict>
			<key>children</key>
			<array>
				<string>A0DFCBE31B2D7CEA00A1D91F</string>
			</array>
			<key>isa</key>
			<string>PBXGroup</string>
			<key>name</key>
			<string>Supporting Files</string>
			<key>sourceTree</key>
			<string>&lt;group&gt;</string>
		</dict>
		<key>A0DFCBE31B2D7CEA00A1D91F</key>
		<dict>
			<key>isa</key>
			<string>PBXFileReference</string>
			<key>lastKnownFileType</key>
			<string>text.plist.xml</string>
			<key>path</key>
			<string>Info.plist</string>
			<key>sourceTree</key>
			<string>&lt;group&gt;</string>
		</dict>
		<key>A0DFCBE41B2D7CEA00A1D91F</key>
		<dict>
			<key>isa</key>
			<string>PBXFileReference</string>
			<key>lastKnownFileType</key>
			<string>sourcecode.c.objc</string>
			<key>path</key>
			<string>DemoTreeTests.m</string>
			<key>sourceTree</key>
			<string>&lt;group&gt;</string>
		</dict>
		<key>A0DFCBE51B2D7CEA00A1D91F</key>
		<dict>
			<key>fileRef</key>
			<string>A0DFCBE41B2D7CEA00A1D91F</string>
			<key>isa</key>
			<string>PBXBuildFile</string>
		</dict>
		<key>A0DFCBE61B2D7CEA00A1D91F</key>
		<dict>
			<key>buildSettings</key>
			<dict>
				<key>ALWAYS_SEARCH_USER_PATHS</key>
				<string>NO</string>
				<key>CLANG_CXX_LANGUAGE_STANDARD</key>
				<string>gnu++0x</string>
				<key>CLANG_CXX_LIBRARY</key>
				<string>libc++</string>
				<key>CLANG_ENABLE_MODULES</key>
				<string>YES</string>
				<key>CLANG_ENABLE_OBJC_ARC</key>
				<string>YES</string>
				<key>CLANG_WARN_BOOL_CONVERSION</key>
				<string>YES</string>
				<key>CLANG_WARN_CONSTANT_CONVERSION</key>
				<string>YES</string>
				<key>CLANG_WARN_DIRECT_OBJC_ISA_USAGE</key>
				<string>YES_ERROR</string>
				<key>CLANG_WARN_EMPTY_BODY</key>
				<string>YES</string>
				<key>CLANG_WARN_ENUM_CONVERSION</key>
				<string>YES</string>
				<key>CLANG_WARN_INT_CONVERSION</key>
				<string>YES</string>
				<key>CLANG_WARN_OBJC_ROOT_CLASS</key>
				<string>YES_ERROR</string>
				<key>CLANG_WARN_UNREACHABLE_CODE</key>
				<string>YES</string>
				<key>CLANG_WARN__DUPLICATE_METHOD_MATCH</key>
				<string>YES</string>
				<key>CODE_SIGN_IDENTITY[sdk=iphoneos*]</key>
				<string>iPhone Developer</string>
				<key>COPY_PHASE_STRIP</key>
				<string>NO</string>
				<key>DEBUG_INFORMATION_FORMAT</key>
				<string>dwarf-with-dsym</string>
				<key>ENABLE_STRICT_OBJC_MSGSEND</key>
				<string>YES</string>
				<key>GCC_C_LANGUAGE_STANDARD</key>
				<string>gnu99</string>
				<key>GCC_DYNAMIC_NO_PIC</key>
				<string>NO</string>
				<key>GCC_NO_COMMON_BLOCKS</key>
				<string>YES</string>
				<key>GCC_OPTIMIZATION_LEVEL</key>
				<string>0</string>
				<key>GCC_PREPROCESSOR_DEFINITIONS</key>
				<array>
					<string>DEBUG=1</string>
					<string>$(inherited)</string>
				</array>
				<key>GCC_SYMBOLS_PRIVATE_EXTERN</key>
				<string>NO</string>
				<key>GCC_WARN_64_TO_32_BIT_CONVERSION</key>
				<string>YES</string>
				<key>GCC_WARN_ABOUT_RETURN_TYPE</key>
				<string>YES_ERROR</string>
				<key>GCC_WARN_UNDECLARED_SELECTOR</key>
				<string>YES</string>
				<key>GCC_WARN_UNINITIALIZED_AUTOS</key>
				<string>YES_AGGRESSIVE</string>
				<key>GCC_WARN_UNUSED_FUNCTION</key>
				<string>YES</string>
				<key>GCC_WARN_UNUSED_VARIABLE</key>
				<string>YES</string>
				<key>IPHONEOS_DEPLOYMENT_TARGET</key>
				<string>8.3</string>
				<key>MTL_ENABLE_DEBUG_INFO</key>
				<string>YES</string>
				<key>ONLY_ACTIVE_ARCH</key>
				<string>YES</string>
				<key>SDKROOT</key>
				<string>iphoneos</string>
			</dict>
			<key>isa</key>
			<string>XCBuildConfiguration</string>
			<key>name</key>
			<string>Debug</string>
		</dict>
		<key>A0DFCBE71B2D7CEA00A1D91F</key>
		<dict>
			<key>buildSettings</key>
			<dict>
				<key>ALWAYS_SEARCH_USER_PATHS</key>
				<string>NO</string>
				<key>CLANG_CXX_LANGUAGE_STANDARD</key>
				<string>gnu++0x</string>
				<key>CLANG_CXX_LIBRARY</key>
				<string>libc++</string>
				<key>CLANG_ENABLE_MODULES</key>
				<string>YES</string>
				<key>CLANG_ENABLE_OBJC_ARC</key>
				<string>YES</string>
				<key>CLANG_WARN_BOOL_CONVERSION</key>
				<string>YES</string>
				<key>CLANG_WARN_CONSTANT_CONVERSION</key>
				<string>YES</string>
				<key>CLANG_WARN_DIRECT_OBJC_ISA_USAGE</key>
				<string>YES_ERROR</string>
				<key>CLANG_WARN_EMPTY_BODY</key>
				<string>YES</string>
				<key>CLANG_WARN_ENUM_CONVERSION</key>
				<string>YES</string>
				<key>CLANG_WARN_INT_CONVERSION</key>
				<string>YES</string>
				<key>CLANG_WARN_OBJC_ROOT_CLASS</key>
				<string>YES_ERROR</string>
				<key>CLANG_WARN_UNREACHABLE_CODE</key>
				<string>YES</string>
				<key>CLANG_WARN__DUPLICATE_METHOD_MATCH</key>
				<string>YES</string>
				<key>CODE_SIGN_IDENTITY[sdk=iphoneos*]</key>
				<string>iPhone Developer</string>
				<key>COPY_PHASE_STRIP</key>
				<string>NO</string>
				<key>DEBUG_INFORMATION_FORMAT</key>
				<string>dwarf-with-dsym</string>
				<key>ENABLE_NS_ASSERTIONS</key>
				<string>NO</string>
				<key>ENABLE_STRICT_OBJC_MSGSEND</key>
				<string>YES</string>
				<key>GCC_C_LANGUAGE_STANDARD</key>
				<string>gnu99</string>
				<key>GCC_NO_COMMON_BLOCKS</key>
				<string>YES</string>
				<key>GCC_WARN_64_TO_32_BIT_CONVERSION</key>
				<string>YES</string>
				<key>GCC_WARN_ABOUT_RETURN_TYPE</key>
				<string>YES_ERROR</string>
				<key>GCC_WARN_UNDECLARED_SELECTOR</key>
				<string>YES</string>
				<key>GCC_WARN_UNINITIALIZED_AUTOS</key>
				<string>YES_AGGRESSIVE</string>
				<key>GCC_WARN_UNUSED_FUNCTION</key>
				<string>YES</string>
				<key>GCC_WARN_UNUSED_VARIABLE</key>
				<string>YES</string>
				<key>IPHONEOS_DEPLOYMENT_TARGET</key>
				<string>8.3</string>
				<key>MTL_ENABLE_DEBUG_INFO</key>
				<string>NO</string>
				<key>SDKROOT</key>
				<string>iphoneos</string>
				<key>VALIDATE_PRODUCT</key>
				<string>YES</string>
			</dict>
			<key>isa</key>
			<string>XCBuildConfiguration</string>
			<key>name</key>
			<string>Release</string>
		</dict>
		<key>A0DFCBE81B2D7CEA00A1D91F</key>
		<dict>
			<key>buildConfigurations</key>
			<array>
				<string>A0DFCBE91B2D7CEA00A1D91F</string>
				<string>A0DFCBEA1B2D7CEA00A1D91F</string>
			</array>
			<key>defaultConfigurationIsVisible</key>
			<string>0</string>
			<key>defaultConfigurationName</key>
			<string>Release</string>
			<key>isa</key>
			<string>XCConfigurationList</string>
		</dict>
		<key>A0DFCBE91B2D7CEA00A1D91F</key>
		<dict>
			<key>baseConfigurationReference</key>
			<string>542D6EC0C1481A4B1D195EB0</string>
			<key>buildSettings</key>
			<dict>
				<key>ASSETCATALOG_COMPILER_APPICON_NAME</key>
				<string>AppIcon</string>
				<key>GCC_PREFIX_HEADER</key>
				<string>$(SRCROOT)/DemoTree/DemoTree.pch</string>
				<key>INFOPLIST_FILE</key>
				<string>DemoTree/Info.plist</string>
				<key>IPHONEOS_DEPLOYMENT_TARGET</key>
				<string>7.0</string>
				<key>LD_RUNPATH_SEARCH_PATHS</key>
				<string>$(inherited) @executable_path/Frameworks</string>
				<key>PRODUCT_NAME</key>
				<string>$(TARGET_NAME)</string>
				<key>TARGETED_DEVICE_FAMILY</key>
				<string>1</string>
			</dict>
			<key>isa</key>
			<string>XCBuildConfiguration</string>
			<key>name</key>
			<string>Debug</string>
		</dict>
		<key>A0DFCBEA1B2D7CEA00A1D91F</key>
		<dict>
			<key>baseConfigurationReference</key>
			<string>DB10E2DE2B27A0FDBFFCB399</string>
			<key>buildSettings</key>
			<dict>
				<key>ASSETCATALOG_COMPILER_APPICON_NAME</key>
				<string>AppIcon</string>
				<key>GCC_PREFIX_HEADER</key>
				<string>$(SRCROOT)/DemoTree/DemoTree.pch</string>
				<key>INFOPLIST_FILE</key>
				<string>DemoTree/Info.plist</string>
				<key>IPHONEOS_DEPLOYMENT_TARGET</key>
				<string>7.0</string>
				<key>LD_RUNPATH_SEARCH_PATHS</key>
				<string>$(inherited) @executable_path/Frameworks</string>
				<key>PRODUCT_NAME</key>
				<string>$(TARGET_NAME)</string>
				<key>TARGETED_DEVICE_FAMILY</key>
				<string>1</string>
			</dict>
			<key>isa</key>
			<string>XCBuildConfiguration</string>
			<key>name</key>
			<string>Release</string>
		</dict>
		<key>A0DFCBEB1B2D7CEA00A1D91F</key>
		<dict>
			<key>buildConfigurations</key>
			<array>
				<string>A0DFCBEC1B2D7CEA00A1D91F</string>
				<string>A0DFCBED1B2D7CEA00A1D91F</string>
			</array>
			<key>defaultConfigurationIsVisible</key>
			<string>0</string>
			<key>defaultConfigurationName</key>
			<string>Release</string>
			<key>isa</key>
			<string>XCConfigurationList</string>
		</dict>
		<key>A0DFCBEC1B2D7CEA00A1D91F</key>
		<dict>
			<key>buildSettings</key>
			<dict>
				<key>BUNDLE_LOADER</key>
				<string>$(TEST_HOST)</string>
				<key>FRAMEWORK_SEARCH_PATHS</key>
				<array>
					<string>$(SDKROOT)/Developer/Library/Frameworks</string>
					<string>$(inherited)</string>
				</array>
				<key>GCC_PREPROCESSOR_DEFINITIONS</key>
				<array>
					<string>DEBUG=1</string>
					<string>$(inherited)</string>
				</array>
				<key>INFOPLIST_FILE</key>
				<string>DemoTreeTests/Info.plist</string>
				<key>LD_RUNPATH_SEARCH_PATHS</key>
				<string>$(inherited) @executable_path/Frameworks @loader_path/Frameworks</string>
				<key>PRODUCT_NAME</key>
				<string>$(TARGET_NAME)</string>
				<key>TEST_HOST</key>
				<string>$(BUILT_PRODUCTS_DIR)/DemoTree.app/DemoTree</string>
			</dict>
			<key>isa</key>
			<string>XCBuildConfiguration</string>
			<key>name</key>
			<string>Debug</string>
		</dict>
		<key>A0DFCBED1B2D7CEA00A1D91F</key>
		<dict>
			<key>buildSettings</key>
			<dict>
				<key>BUNDLE_LOADER</key>
				<string>$(TEST_HOST)</string>
				<key>FRAMEWORK_SEARCH_PATHS</key>
				<array>
					<string>$(SDKROOT)/Developer/Library/Frameworks</string>
					<string>$(inherited)</string>
				</array>
				<key>INFOPLIST_FILE</key>
				<string>DemoTreeTests/Info.plist</string>
				<key>LD_RUNPATH_SEARCH_PATHS</key>
				<string>$(inherited) @executable_path/Frameworks @loader_path/Frameworks</string>
				<key>PRODUCT_NAME</key>
				<string>$(TARGET_NAME)</string>
				<key>TEST_HOST</key>
				<string>$(BUILT_PRODUCTS_DIR)/DemoTree.app/DemoTree</string>
			</dict>
			<key>isa</key>
			<string>XCBuildConfiguration</string>
			<key>name</key>
			<string>Release</string>
		</dict>
		<key>A0DFCBEE1B2D7F0100A1D91F</key>
		<dict>
			<key>children</key>
			<array>
				<string>A0DFCBCC1B2D7CEA00A1D91F</string>
				<string>A0DFCBCD1B2D7CEA00A1D91F</string>
				<string>A0DFCBCF1B2D7CEA00A1D91F</string>
				<string>A0DFCBD01B2D7CEA00A1D91F</string>
				<string>A0DFCBD21B2D7CEA00A1D91F</string>
				<string>A0DFCBD51B2D7CEA00A1D91F</string>
				<string>A0DFCBD71B2D7CEA00A1D91F</string>
			</array>
			<key>isa</key>
			<string>PBXGroup</string>
			<key>path</key>
			<string>Entry</string>
			<key>sourceTree</key>
			<string>&lt;group&gt;</string>
		</dict>
		<key>A0DFCBEF1B2D7F5300A1D91F</key>
		<dict>
			<key>children</key>
			<array>
				<string>A0751D081B37C32100F546BE</string>
				<string>A0751D071B37C31A00F546BE</string>
				<string>A0751D061B37C31100F546BE</string>
				<string>A0751D051B37C30C00F546BE</string>
			</array>
			<key>isa</key>
			<string>PBXGroup</string>
			<key>path</key>
			<string>Controller</string>
			<key>sourceTree</key>
			<string>&lt;group&gt;</string>
		</dict>
		<key>A0DFCBF01B2D7FA900A1D91F</key>
		<dict>
			<key>children</key>
			<array/>
			<key>isa</key>
			<string>PBXGroup</string>
			<key>name</key>
			<string>Commond</string>
			<key>sourceTree</key>
			<string>&lt;group&gt;</string>
		</dict>
		<key>A0EE8F3E1B37C240002CD123</key>
		<dict>
			<key>isa</key>
			<string>PBXFileReference</string>
			<key>lastKnownFileType</key>
			<string>sourcecode.c.h</string>
			<key>path</key>
			<string>DemoTree.pch</string>
			<key>sourceTree</key>
			<string>&lt;group&gt;</string>
		</dict>
		<key>C2BB328F5E0FBFFE7C0F60F5</key>
		<dict>
			<key>explicitFileType</key>
			<string>archive.ar</string>
			<key>includeInIndex</key>
			<string>0</string>
			<key>isa</key>
			<string>PBXFileReference</string>
			<key>path</key>
			<string>libPods.a</string>
			<key>sourceTree</key>
			<string>BUILT_PRODUCTS_DIR</string>
		</dict>
		<key>DB10E2DE2B27A0FDBFFCB399</key>
		<dict>
			<key>includeInIndex</key>
			<string>1</string>
			<key>isa</key>
			<string>PBXFileReference</string>
			<key>lastKnownFileType</key>
			<string>text.xcconfig</string>
			<key>name</key>
			<string>Pods.release.xcconfig</string>
			<key>path</key>
			<string>Pods/Target Support Files/Pods/Pods.release.xcconfig</string>
			<key>sourceTree</key>
			<string>&lt;group&gt;</string>
		</dict>
		<key>E69EDE8E5DAD6EFCA9573036</key>
		<dict>
			<key>children</key>
			<array>
				<string>542D6EC0C1481A4B1D195EB0</string>
				<string>DB10E2DE2B27A0FDBFFCB399</string>
			</array>
			<key>isa</key>
			<string>PBXGroup</string>
			<key>name</key>
			<string>Pods</string>
			<key>sourceTree</key>
			<string>&lt;group&gt;</string>
		</dict>
	</dict>
	<key>rootObject</key>
	<string>A0DFCBBD1B2D7CEA00A1D91F</string>
</dict>
</plist>
