// !$*UTF8*$!
{
	archiveVersion = 1;
	classes = {
	};
	objectVersion = 46;
	objects = {

/* Begin PBXBuildFile section */
		0E1E92A54A896734437D6F41 /* libPods.a in Frameworks */ = {isa = PBXBuildFile; fileRef = C2BB328F5E0FBFFE7C0F60F5 /* libPods.a */; };
		A00549B21B3D9BC400B88A62 /* MainCollectionCell.m in Sources */ = {isa = PBXBuildFile; fileRef = A00549B11B3D9BC400B88A62 /* MainCollectionCell.m */; };
		A00F51B51B7B3F0200E92969 /* MainViewController.m in Sources */ = {isa = PBXBuildFile; fileRef = A00F51B41B7B3F0200E92969 /* MainViewController.m */; };
		A0168A051B6B462A00DEBB5A /* NewHeaderView.m in Sources */ = {isa = PBXBuildFile; fileRef = A0168A041B6B462A00DEBB5A /* NewHeaderView.m */; };
		A028D11F1B3ABB680021303F /* AdScrollView.m in Sources */ = {isa = PBXBuildFile; fileRef = A028D11C1B3ABB680021303F /* AdScrollView.m */; };
		A040D3D71B6B57870054BCBF /* MainTableViewCell.m in Sources */ = {isa = PBXBuildFile; fileRef = A040D3D51B6B57870054BCBF /* MainTableViewCell.m */; };
		A040D3D81B6B57870054BCBF /* MainTableViewCell.xib in Resources */ = {isa = PBXBuildFile; fileRef = A040D3D61B6B57870054BCBF /* MainTableViewCell.xib */; };
		A040D3DF1B6B6DAD0054BCBF /* HomeViewController.m in Sources */ = {isa = PBXBuildFile; fileRef = A040D3DE1B6B6DAD0054BCBF /* HomeViewController.m */; };
		A040D3E21B6B6E0D0054BCBF /* HomeDetailViewController.m in Sources */ = {isa = PBXBuildFile; fileRef = A040D3E11B6B6E0D0054BCBF /* HomeDetailViewController.m */; };
		A04833091B74A883005EAC26 /* ResDetailViewController.m in Sources */ = {isa = PBXBuildFile; fileRef = A04833081B74A883005EAC26 /* ResDetailViewController.m */; };
		A048330D1B74A8D5005EAC26 /* ResDetailHeaderView.m in Sources */ = {isa = PBXBuildFile; fileRef = A048330C1B74A8D5005EAC26 /* ResDetailHeaderView.m */; };
		A068BA091B45337000B1D56E /* MenuTableViewCell.m in Sources */ = {isa = PBXBuildFile; fileRef = A068BA071B45337000B1D56E /* MenuTableViewCell.m */; };
		A068BA0A1B45337000B1D56E /* MenuTableViewCell.xib in Resources */ = {isa = PBXBuildFile; fileRef = A068BA081B45337000B1D56E /* MenuTableViewCell.xib */; };
		A07466471B35808D00ED60A2 /* ZZTabBarItem.m in Sources */ = {isa = PBXBuildFile; fileRef = A07466421B35808D00ED60A2 /* ZZTabBarItem.m */; };
		A07466481B35808D00ED60A2 /* ZZTabBarView.m in Sources */ = {isa = PBXBuildFile; fileRef = A07466441B35808D00ED60A2 /* ZZTabBarView.m */; };
		A07466491B35808D00ED60A2 /* ZZTabBarViewController.m in Sources */ = {isa = PBXBuildFile; fileRef = A07466461B35808D00ED60A2 /* ZZTabBarViewController.m */; };
		A0751D0B1B37C37700F546BE /* SecondViewController.m in Sources */ = {isa = PBXBuildFile; fileRef = A0751D0A1B37C37700F546BE /* SecondViewController.m */; };
		A0751D0E1B37C38000F546BE /* ThirdViewController.m in Sources */ = {isa = PBXBuildFile; fileRef = A0751D0D1B37C38000F546BE /* ThirdViewController.m */; };
		A0751D111B37C38B00F546BE /* FourthViewController.m in Sources */ = {isa = PBXBuildFile; fileRef = A0751D101B37C38B00F546BE /* FourthViewController.m */; };
		A0751D181B37C45800F546BE /* ZZNaivgationController.m in Sources */ = {isa = PBXBuildFile; fileRef = A0751D171B37C45800F546BE /* ZZNaivgationController.m */; };
		A0751D1F1B3824B700F546BE /* MainHeaderView.m in Sources */ = {isa = PBXBuildFile; fileRef = A0751D1E1B3824B700F546BE /* MainHeaderView.m */; };
		A0931D011B48E44C0036D5A8 /* RecommendCell.m in Sources */ = {isa = PBXBuildFile; fileRef = A0931D001B48E44C0036D5A8 /* RecommendCell.m */; };
		A0931D041B48E4560036D5A8 /* RecommendHeaderView.m in Sources */ = {isa = PBXBuildFile; fileRef = A0931D031B48E4560036D5A8 /* RecommendHeaderView.m */; };
		A0A1A9001B3FADD300E8834B /* MainDetailCell.m in Sources */ = {isa = PBXBuildFile; fileRef = A0A1A8FF1B3FADD300E8834B /* MainDetailCell.m */; };
		A0A1A9041B3FC4A800E8834B /* RestaurantController.m in Sources */ = {isa = PBXBuildFile; fileRef = A0A1A9031B3FC4A800E8834B /* RestaurantController.m */; };
		A0A36BE91B82D71F00170441 /* HomePageHeaderView.m in Sources */ = {isa = PBXBuildFile; fileRef = A0A36BE81B82D71F00170441 /* HomePageHeaderView.m */; };
		A0A36BEE1B82DD0E00170441 /* ZJCutLine.m in Sources */ = {isa = PBXBuildFile; fileRef = A0A36BEB1B82DD0E00170441 /* ZJCutLine.m */; };
		A0A36BEF1B82DD0E00170441 /* ZJLineLabel.m in Sources */ = {isa = PBXBuildFile; fileRef = A0A36BED1B82DD0E00170441 /* ZJLineLabel.m */; };
		A0A37E6A1B423FD400D9BC17 /* FilterView.m in Sources */ = {isa = PBXBuildFile; fileRef = A0A37E691B423FD400D9BC17 /* FilterView.m */; };
		A0A37E741B429DAD00D9BC17 /* RestaurantCell.m in Sources */ = {isa = PBXBuildFile; fileRef = A0A37E721B429DAD00D9BC17 /* RestaurantCell.m */; };
		A0A37E751B429DAD00D9BC17 /* RestaurantCell.xib in Resources */ = {isa = PBXBuildFile; fileRef = A0A37E731B429DAD00D9BC17 /* RestaurantCell.xib */; };
		A0B622071B417CB200EB4798 /* CotegoryView.m in Sources */ = {isa = PBXBuildFile; fileRef = A0B622061B417CB200EB4798 /* CotegoryView.m */; };
		A0B76F501B82D63000C1FF60 /* DetailHeaderView.m in Sources */ = {isa = PBXBuildFile; fileRef = A0B76F4F1B82D63000C1FF60 /* DetailHeaderView.m */; };
		A0CFFF061B6DB949005A2BF4 /* BannerObject.m in Sources */ = {isa = PBXBuildFile; fileRef = A0CFFF051B6DB949005A2BF4 /* BannerObject.m */; };
		A0CFFF0B1B6DBD1C005A2BF4 /* MineViewController.m in Sources */ = {isa = PBXBuildFile; fileRef = A0CFFF091B6DBD1C005A2BF4 /* MineViewController.m */; };
		A0CFFF0C1B6DBD1C005A2BF4 /* MineViewController.xib in Resources */ = {isa = PBXBuildFile; fileRef = A0CFFF0A1B6DBD1C005A2BF4 /* MineViewController.xib */; };
		A0CFFF101B6DC86D005A2BF4 /* EnrollViewController.m in Sources */ = {isa = PBXBuildFile; fileRef = A0CFFF0E1B6DC86D005A2BF4 /* EnrollViewController.m */; };
		A0CFFF111B6DC86D005A2BF4 /* EnrollViewController.xib in Resources */ = {isa = PBXBuildFile; fileRef = A0CFFF0F1B6DC86D005A2BF4 /* EnrollViewController.xib */; };
		A0D31D5A1B8217320068E154 /* MainRequestHeader.m in Sources */ = {isa = PBXBuildFile; fileRef = A0D31D571B8217320068E154 /* MainRequestHeader.m */; };
		A0D31D5B1B8217320068E154 /* ZZRequestAPI.m in Sources */ = {isa = PBXBuildFile; fileRef = A0D31D591B8217320068E154 /* ZZRequestAPI.m */; };
		A0D31D5E1B82173D0068E154 /* TreeManager.m in Sources */ = {isa = PBXBuildFile; fileRef = A0D31D5D1B82173D0068E154 /* TreeManager.m */; };
		A0D31D671B82177E0068E154 /* Default.m in Sources */ = {isa = PBXBuildFile; fileRef = A0D31D621B82177E0068E154 /* Default.m */; };
		A0D31D681B82177E0068E154 /* DefaultReply.m in Sources */ = {isa = PBXBuildFile; fileRef = A0D31D641B82177E0068E154 /* DefaultReply.m */; };
		A0D31D691B82177E0068E154 /* DefaultReplyDishList.m in Sources */ = {isa = PBXBuildFile; fileRef = A0D31D661B82177E0068E154 /* DefaultReplyDishList.m */; };
		A0D31D6D1B8230FB0068E154 /* DefaultReplyMerchantList.m in Sources */ = {isa = PBXBuildFile; fileRef = A0D31D6C1B8230FB0068E154 /* DefaultReplyMerchantList.m */; };
		A0D5E8A91B6CB2730017D133 /* DetailBtn.m in Sources */ = {isa = PBXBuildFile; fileRef = A0D5E8A81B6CB2730017D133 /* DetailBtn.m */; };
		A0D5E8AD1B6CB7700017D133 /* DetailTableViewCell.m in Sources */ = {isa = PBXBuildFile; fileRef = A0D5E8AB1B6CB7700017D133 /* DetailTableViewCell.m */; };
		A0D5E8AE1B6CB7700017D133 /* DetailTableViewCell.xib in Resources */ = {isa = PBXBuildFile; fileRef = A0D5E8AC1B6CB7700017D133 /* DetailTableViewCell.xib */; };
		A0D5E8B21B6CD4B40017D133 /* OrderingViewController.m in Sources */ = {isa = PBXBuildFile; fileRef = A0D5E8B11B6CD4B40017D133 /* OrderingViewController.m */; };
		A0D5E8B61B6CEA6F0017D133 /* RestaurantView.m in Sources */ = {isa = PBXBuildFile; fileRef = A0D5E8B51B6CEA6F0017D133 /* RestaurantView.m */; };
		A0DFCBCB1B2D7CEA00A1D91F /* main.m in Sources */ = {isa = PBXBuildFile; fileRef = A0DFCBCA1B2D7CEA00A1D91F /* main.m */; };
		A0DFCBCE1B2D7CEA00A1D91F /* AppDelegate.m in Sources */ = {isa = PBXBuildFile; fileRef = A0DFCBCD1B2D7CEA00A1D91F /* AppDelegate.m */; };
		A0DFCBD11B2D7CEA00A1D91F /* ViewController.m in Sources */ = {isa = PBXBuildFile; fileRef = A0DFCBD01B2D7CEA00A1D91F /* ViewController.m */; };
		A0DFCBD41B2D7CEA00A1D91F /* Main.storyboard in Resources */ = {isa = PBXBuildFile; fileRef = A0DFCBD21B2D7CEA00A1D91F /* Main.storyboard */; };
		A0DFCBD61B2D7CEA00A1D91F /* Images.xcassets in Resources */ = {isa = PBXBuildFile; fileRef = A0DFCBD51B2D7CEA00A1D91F /* Images.xcassets */; };
		A0DFCBD91B2D7CEA00A1D91F /* LaunchScreen.xib in Resources */ = {isa = PBXBuildFile; fileRef = A0DFCBD71B2D7CEA00A1D91F /* LaunchScreen.xib */; };
		A0DFCBE51B2D7CEA00A1D91F /* DemoTreeTests.m in Sources */ = {isa = PBXBuildFile; fileRef = A0DFCBE41B2D7CEA00A1D91F /* DemoTreeTests.m */; };
		A0E40A641B4382220036F44B /* TakeOutCell.m in Sources */ = {isa = PBXBuildFile; fileRef = A0E40A621B4382220036F44B /* TakeOutCell.m */; };
		A0E40A651B4382220036F44B /* TakeOutCell.xib in Resources */ = {isa = PBXBuildFile; fileRef = A0E40A631B4382220036F44B /* TakeOutCell.xib */; };
		A0E41A5C1B48DE2900769BB2 /* HomePageViewController.m in Sources */ = {isa = PBXBuildFile; fileRef = A0E41A5B1B48DE2900769BB2 /* HomePageViewController.m */; };
		A0E9FEFC1B452A03000A57AB /* MenuViewController.m in Sources */ = {isa = PBXBuildFile; fileRef = A0E9FEFB1B452A03000A57AB /* MenuViewController.m */; };
		A0EEDCB21B4EADCE0003532F /* TabButton.m in Sources */ = {isa = PBXBuildFile; fileRef = A0EEDCB11B4EADCE0003532F /* TabButton.m */; };
/* End PBXBuildFile section */

/* Begin PBXContainerItemProxy section */
		A0DFCBDF1B2D7CEA00A1D91F /* PBXContainerItemProxy */ = {
			isa = PBXContainerItemProxy;
			containerPortal = A0DFCBBD1B2D7CEA00A1D91F /* Project object */;
			proxyType = 1;
			remoteGlobalIDString = A0DFCBC41B2D7CEA00A1D91F;
			remoteInfo = DemoTree;
		};
/* End PBXContainerItemProxy section */

/* Begin PBXFileReference section */
		542D6EC0C1481A4B1D195EB0 /* Pods.debug.xcconfig */ = {isa = PBXFileReference; includeInIndex = 1; lastKnownFileType = text.xcconfig; name = Pods.debug.xcconfig; path = "Pods/Target Support Files/Pods/Pods.debug.xcconfig"; sourceTree = "<group>"; };
		A00549B01B3D9BC400B88A62 /* MainCollectionCell.h */ = {isa = PBXFileReference; fileEncoding = 4; lastKnownFileType = sourcecode.c.h; path = MainCollectionCell.h; sourceTree = "<group>"; };
		A00549B11B3D9BC400B88A62 /* MainCollectionCell.m */ = {isa = PBXFileReference; fileEncoding = 4; lastKnownFileType = sourcecode.c.objc; path = MainCollectionCell.m; sourceTree = "<group>"; };
		A00F51B31B7B3F0200E92969 /* MainViewController.h */ = {isa = PBXFileReference; fileEncoding = 4; lastKnownFileType = sourcecode.c.h; path = MainViewController.h; sourceTree = "<group>"; };
		A00F51B41B7B3F0200E92969 /* MainViewController.m */ = {isa = PBXFileReference; fileEncoding = 4; lastKnownFileType = sourcecode.c.objc; path = MainViewController.m; sourceTree = "<group>"; };
		A0168A031B6B462A00DEBB5A /* NewHeaderView.h */ = {isa = PBXFileReference; fileEncoding = 4; lastKnownFileType = sourcecode.c.h; path = NewHeaderView.h; sourceTree = "<group>"; };
		A0168A041B6B462A00DEBB5A /* NewHeaderView.m */ = {isa = PBXFileReference; fileEncoding = 4; lastKnownFileType = sourcecode.c.objc; path = NewHeaderView.m; sourceTree = "<group>"; };
		A028D11B1B3ABB680021303F /* AdScrollView.h */ = {isa = PBXFileReference; fileEncoding = 4; lastKnownFileType = sourcecode.c.h; path = AdScrollView.h; sourceTree = "<group>"; };
		A028D11C1B3ABB680021303F /* AdScrollView.m */ = {isa = PBXFileReference; fileEncoding = 4; lastKnownFileType = sourcecode.c.objc; path = AdScrollView.m; sourceTree = "<group>"; };
		A040D3D41B6B57870054BCBF /* MainTableViewCell.h */ = {isa = PBXFileReference; fileEncoding = 4; lastKnownFileType = sourcecode.c.h; path = MainTableViewCell.h; sourceTree = "<group>"; };
		A040D3D51B6B57870054BCBF /* MainTableViewCell.m */ = {isa = PBXFileReference; fileEncoding = 4; lastKnownFileType = sourcecode.c.objc; path = MainTableViewCell.m; sourceTree = "<group>"; };
		A040D3D61B6B57870054BCBF /* MainTableViewCell.xib */ = {isa = PBXFileReference; fileEncoding = 4; lastKnownFileType = file.xib; path = MainTableViewCell.xib; sourceTree = "<group>"; };
		A040D3DD1B6B6DAD0054BCBF /* HomeViewController.h */ = {isa = PBXFileReference; fileEncoding = 4; lastKnownFileType = sourcecode.c.h; path = HomeViewController.h; sourceTree = "<group>"; };
		A040D3DE1B6B6DAD0054BCBF /* HomeViewController.m */ = {isa = PBXFileReference; fileEncoding = 4; lastKnownFileType = sourcecode.c.objc; path = HomeViewController.m; sourceTree = "<group>"; };
		A040D3E01B6B6E0D0054BCBF /* HomeDetailViewController.h */ = {isa = PBXFileReference; fileEncoding = 4; lastKnownFileType = sourcecode.c.h; path = HomeDetailViewController.h; sourceTree = "<group>"; };
		A040D3E11B6B6E0D0054BCBF /* HomeDetailViewController.m */ = {isa = PBXFileReference; fileEncoding = 4; lastKnownFileType = sourcecode.c.objc; path = HomeDetailViewController.m; sourceTree = "<group>"; };
		A04833071B74A883005EAC26 /* ResDetailViewController.h */ = {isa = PBXFileReference; fileEncoding = 4; lastKnownFileType = sourcecode.c.h; path = ResDetailViewController.h; sourceTree = "<group>"; };
		A04833081B74A883005EAC26 /* ResDetailViewController.m */ = {isa = PBXFileReference; fileEncoding = 4; lastKnownFileType = sourcecode.c.objc; path = ResDetailViewController.m; sourceTree = "<group>"; };
		A048330B1B74A8D5005EAC26 /* ResDetailHeaderView.h */ = {isa = PBXFileReference; fileEncoding = 4; lastKnownFileType = sourcecode.c.h; path = ResDetailHeaderView.h; sourceTree = "<group>"; };
		A048330C1B74A8D5005EAC26 /* ResDetailHeaderView.m */ = {isa = PBXFileReference; fileEncoding = 4; lastKnownFileType = sourcecode.c.objc; path = ResDetailHeaderView.m; sourceTree = "<group>"; };
		A068BA061B45337000B1D56E /* MenuTableViewCell.h */ = {isa = PBXFileReference; fileEncoding = 4; lastKnownFileType = sourcecode.c.h; path = MenuTableViewCell.h; sourceTree = "<group>"; };
		A068BA071B45337000B1D56E /* MenuTableViewCell.m */ = {isa = PBXFileReference; fileEncoding = 4; lastKnownFileType = sourcecode.c.objc; path = MenuTableViewCell.m; sourceTree = "<group>"; };
		A068BA081B45337000B1D56E /* MenuTableViewCell.xib */ = {isa = PBXFileReference; fileEncoding = 4; lastKnownFileType = file.xib; path = MenuTableViewCell.xib; sourceTree = "<group>"; };
		A07466411B35808D00ED60A2 /* ZZTabBarItem.h */ = {isa = PBXFileReference; fileEncoding = 4; lastKnownFileType = sourcecode.c.h; path = ZZTabBarItem.h; sourceTree = "<group>"; };
		A07466421B35808D00ED60A2 /* ZZTabBarItem.m */ = {isa = PBXFileReference; fileEncoding = 4; lastKnownFileType = sourcecode.c.objc; path = ZZTabBarItem.m; sourceTree = "<group>"; };
		A07466431B35808D00ED60A2 /* ZZTabBarView.h */ = {isa = PBXFileReference; fileEncoding = 4; lastKnownFileType = sourcecode.c.h; path = ZZTabBarView.h; sourceTree = "<group>"; };
		A07466441B35808D00ED60A2 /* ZZTabBarView.m */ = {isa = PBXFileReference; fileEncoding = 4; lastKnownFileType = sourcecode.c.objc; path = ZZTabBarView.m; sourceTree = "<group>"; };
		A07466451B35808D00ED60A2 /* ZZTabBarViewController.h */ = {isa = PBXFileReference; fileEncoding = 4; lastKnownFileType = sourcecode.c.h; path = ZZTabBarViewController.h; sourceTree = "<group>"; };
		A07466461B35808D00ED60A2 /* ZZTabBarViewController.m */ = {isa = PBXFileReference; fileEncoding = 4; lastKnownFileType = sourcecode.c.objc; path = ZZTabBarViewController.m; sourceTree = "<group>"; };
		A0751D091B37C37700F546BE /* SecondViewController.h */ = {isa = PBXFileReference; fileEncoding = 4; lastKnownFileType = sourcecode.c.h; path = SecondViewController.h; sourceTree = "<group>"; };
		A0751D0A1B37C37700F546BE /* SecondViewController.m */ = {isa = PBXFileReference; fileEncoding = 4; lastKnownFileType = sourcecode.c.objc; path = SecondViewController.m; sourceTree = "<group>"; };
		A0751D0C1B37C38000F546BE /* ThirdViewController.h */ = {isa = PBXFileReference; fileEncoding = 4; lastKnownFileType = sourcecode.c.h; path = ThirdViewController.h; sourceTree = "<group>"; };
		A0751D0D1B37C38000F546BE /* ThirdViewController.m */ = {isa = PBXFileReference; fileEncoding = 4; lastKnownFileType = sourcecode.c.objc; path = ThirdViewController.m; sourceTree = "<group>"; };
		A0751D0F1B37C38B00F546BE /* FourthViewController.h */ = {isa = PBXFileReference; fileEncoding = 4; lastKnownFileType = sourcecode.c.h; path = FourthViewController.h; sourceTree = "<group>"; };
		A0751D101B37C38B00F546BE /* FourthViewController.m */ = {isa = PBXFileReference; fileEncoding = 4; lastKnownFileType = sourcecode.c.objc; path = FourthViewController.m; sourceTree = "<group>"; };
		A0751D161B37C45800F546BE /* ZZNaivgationController.h */ = {isa = PBXFileReference; fileEncoding = 4; lastKnownFileType = sourcecode.c.h; path = ZZNaivgationController.h; sourceTree = "<group>"; };
		A0751D171B37C45800F546BE /* ZZNaivgationController.m */ = {isa = PBXFileReference; fileEncoding = 4; lastKnownFileType = sourcecode.c.objc; path = ZZNaivgationController.m; sourceTree = "<group>"; };
		A0751D1D1B3824B700F546BE /* MainHeaderView.h */ = {isa = PBXFileReference; fileEncoding = 4; lastKnownFileType = sourcecode.c.h; path = MainHeaderView.h; sourceTree = "<group>"; };
		A0751D1E1B3824B700F546BE /* MainHeaderView.m */ = {isa = PBXFileReference; fileEncoding = 4; lastKnownFileType = sourcecode.c.objc; path = MainHeaderView.m; sourceTree = "<group>"; };
		A0931CFF1B48E44C0036D5A8 /* RecommendCell.h */ = {isa = PBXFileReference; fileEncoding = 4; lastKnownFileType = sourcecode.c.h; path = RecommendCell.h; sourceTree = "<group>"; };
		A0931D001B48E44C0036D5A8 /* RecommendCell.m */ = {isa = PBXFileReference; fileEncoding = 4; lastKnownFileType = sourcecode.c.objc; path = RecommendCell.m; sourceTree = "<group>"; };
		A0931D021B48E4560036D5A8 /* RecommendHeaderView.h */ = {isa = PBXFileReference; fileEncoding = 4; lastKnownFileType = sourcecode.c.h; path = RecommendHeaderView.h; sourceTree = "<group>"; };
		A0931D031B48E4560036D5A8 /* RecommendHeaderView.m */ = {isa = PBXFileReference; fileEncoding = 4; lastKnownFileType = sourcecode.c.objc; path = RecommendHeaderView.m; sourceTree = "<group>"; };
		A0A1A8FE1B3FADD300E8834B /* MainDetailCell.h */ = {isa = PBXFileReference; fileEncoding = 4; lastKnownFileType = sourcecode.c.h; path = MainDetailCell.h; sourceTree = "<group>"; };
		A0A1A8FF1B3FADD300E8834B /* MainDetailCell.m */ = {isa = PBXFileReference; fileEncoding = 4; lastKnownFileType = sourcecode.c.objc; path = MainDetailCell.m; sourceTree = "<group>"; };
		A0A1A9021B3FC4A800E8834B /* RestaurantController.h */ = {isa = PBXFileReference; fileEncoding = 4; lastKnownFileType = sourcecode.c.h; path = RestaurantController.h; sourceTree = "<group>"; };
		A0A1A9031B3FC4A800E8834B /* RestaurantController.m */ = {isa = PBXFileReference; fileEncoding = 4; lastKnownFileType = sourcecode.c.objc; path = RestaurantController.m; sourceTree = "<group>"; };
		A0A36BE71B82D71F00170441 /* HomePageHeaderView.h */ = {isa = PBXFileReference; fileEncoding = 4; lastKnownFileType = sourcecode.c.h; path = HomePageHeaderView.h; sourceTree = "<group>"; };
		A0A36BE81B82D71F00170441 /* HomePageHeaderView.m */ = {isa = PBXFileReference; fileEncoding = 4; lastKnownFileType = sourcecode.c.objc; path = HomePageHeaderView.m; sourceTree = "<group>"; };
		A0A36BEA1B82DD0E00170441 /* ZJCutLine.h */ = {isa = PBXFileReference; fileEncoding = 4; lastKnownFileType = sourcecode.c.h; path = ZJCutLine.h; sourceTree = "<group>"; };
		A0A36BEB1B82DD0E00170441 /* ZJCutLine.m */ = {isa = PBXFileReference; fileEncoding = 4; lastKnownFileType = sourcecode.c.objc; path = ZJCutLine.m; sourceTree = "<group>"; };
		A0A36BEC1B82DD0E00170441 /* ZJLineLabel.h */ = {isa = PBXFileReference; fileEncoding = 4; lastKnownFileType = sourcecode.c.h; path = ZJLineLabel.h; sourceTree = "<group>"; };
		A0A36BED1B82DD0E00170441 /* ZJLineLabel.m */ = {isa = PBXFileReference; fileEncoding = 4; lastKnownFileType = sourcecode.c.objc; path = ZJLineLabel.m; sourceTree = "<group>"; };
		A0A37E681B423FD400D9BC17 /* FilterView.h */ = {isa = PBXFileReference; fileEncoding = 4; lastKnownFileType = sourcecode.c.h; path = FilterView.h; sourceTree = "<group>"; };
		A0A37E691B423FD400D9BC17 /* FilterView.m */ = {isa = PBXFileReference; fileEncoding = 4; lastKnownFileType = sourcecode.c.objc; path = FilterView.m; sourceTree = "<group>"; };
		A0A37E711B429DAD00D9BC17 /* RestaurantCell.h */ = {isa = PBXFileReference; fileEncoding = 4; lastKnownFileType = sourcecode.c.h; path = RestaurantCell.h; sourceTree = "<group>"; };
		A0A37E721B429DAD00D9BC17 /* RestaurantCell.m */ = {isa = PBXFileReference; fileEncoding = 4; lastKnownFileType = sourcecode.c.objc; path = RestaurantCell.m; sourceTree = "<group>"; };
		A0A37E731B429DAD00D9BC17 /* RestaurantCell.xib */ = {isa = PBXFileReference; fileEncoding = 4; lastKnownFileType = file.xib; path = RestaurantCell.xib; sourceTree = "<group>"; };
		A0B622051B417CB200EB4798 /* CotegoryView.h */ = {isa = PBXFileReference; fileEncoding = 4; lastKnownFileType = sourcecode.c.h; path = CotegoryView.h; sourceTree = "<group>"; };
		A0B622061B417CB200EB4798 /* CotegoryView.m */ = {isa = PBXFileReference; fileEncoding = 4; lastKnownFileType = sourcecode.c.objc; path = CotegoryView.m; sourceTree = "<group>"; };
		A0B76F4E1B82D63000C1FF60 /* DetailHeaderView.h */ = {isa = PBXFileReference; fileEncoding = 4; lastKnownFileType = sourcecode.c.h; path = DetailHeaderView.h; sourceTree = "<group>"; };
		A0B76F4F1B82D63000C1FF60 /* DetailHeaderView.m */ = {isa = PBXFileReference; fileEncoding = 4; lastKnownFileType = sourcecode.c.objc; path = DetailHeaderView.m; sourceTree = "<group>"; };
		A0CFFF041B6DB949005A2BF4 /* BannerObject.h */ = {isa = PBXFileReference; fileEncoding = 4; lastKnownFileType = sourcecode.c.h; path = BannerObject.h; sourceTree = "<group>"; };
		A0CFFF051B6DB949005A2BF4 /* BannerObject.m */ = {isa = PBXFileReference; fileEncoding = 4; lastKnownFileType = sourcecode.c.objc; path = BannerObject.m; sourceTree = "<group>"; };
		A0CFFF081B6DBD1C005A2BF4 /* MineViewController.h */ = {isa = PBXFileReference; fileEncoding = 4; lastKnownFileType = sourcecode.c.h; path = MineViewController.h; sourceTree = "<group>"; };
		A0CFFF091B6DBD1C005A2BF4 /* MineViewController.m */ = {isa = PBXFileReference; fileEncoding = 4; lastKnownFileType = sourcecode.c.objc; path = MineViewController.m; sourceTree = "<group>"; };
		A0CFFF0A1B6DBD1C005A2BF4 /* MineViewController.xib */ = {isa = PBXFileReference; fileEncoding = 4; lastKnownFileType = file.xib; path = MineViewController.xib; sourceTree = "<group>"; };
		A0CFFF0D1B6DC86D005A2BF4 /* EnrollViewController.h */ = {isa = PBXFileReference; fileEncoding = 4; lastKnownFileType = sourcecode.c.h; path = EnrollViewController.h; sourceTree = "<group>"; };
		A0CFFF0E1B6DC86D005A2BF4 /* EnrollViewController.m */ = {isa = PBXFileReference; fileEncoding = 4; lastKnownFileType = sourcecode.c.objc; path = EnrollViewController.m; sourceTree = "<group>"; };
		A0CFFF0F1B6DC86D005A2BF4 /* EnrollViewController.xib */ = {isa = PBXFileReference; fileEncoding = 4; lastKnownFileType = file.xib; path = EnrollViewController.xib; sourceTree = "<group>"; };
		A0D31D561B8217320068E154 /* MainRequestHeader.h */ = {isa = PBXFileReference; fileEncoding = 4; lastKnownFileType = sourcecode.c.h; path = MainRequestHeader.h; sourceTree = "<group>"; };
		A0D31D571B8217320068E154 /* MainRequestHeader.m */ = {isa = PBXFileReference; fileEncoding = 4; lastKnownFileType = sourcecode.c.objc; path = MainRequestHeader.m; sourceTree = "<group>"; };
		A0D31D581B8217320068E154 /* ZZRequestAPI.h */ = {isa = PBXFileReference; fileEncoding = 4; lastKnownFileType = sourcecode.c.h; path = ZZRequestAPI.h; sourceTree = "<group>"; };
		A0D31D591B8217320068E154 /* ZZRequestAPI.m */ = {isa = PBXFileReference; fileEncoding = 4; lastKnownFileType = sourcecode.c.objc; path = ZZRequestAPI.m; sourceTree = "<group>"; };
		A0D31D5C1B82173D0068E154 /* TreeManager.h */ = {isa = PBXFileReference; fileEncoding = 4; lastKnownFileType = sourcecode.c.h; path = TreeManager.h; sourceTree = "<group>"; };
		A0D31D5D1B82173D0068E154 /* TreeManager.m */ = {isa = PBXFileReference; fileEncoding = 4; lastKnownFileType = sourcecode.c.objc; path = TreeManager.m; sourceTree = "<group>"; };
		A0D31D5F1B82176F0068E154 /* Config.h */ = {isa = PBXFileReference; fileEncoding = 4; lastKnownFileType = sourcecode.c.h; name = Config.h; path = DemoTree/Commond/Config.h; sourceTree = SOURCE_ROOT; };
		A0D31D611B82177E0068E154 /* Default.h */ = {isa = PBXFileReference; fileEncoding = 4; lastKnownFileType = sourcecode.c.h; path = Default.h; sourceTree = "<group>"; };
		A0D31D621B82177E0068E154 /* Default.m */ = {isa = PBXFileReference; fileEncoding = 4; lastKnownFileType = sourcecode.c.objc; path = Default.m; sourceTree = "<group>"; };
		A0D31D631B82177E0068E154 /* DefaultReply.h */ = {isa = PBXFileReference; fileEncoding = 4; lastKnownFileType = sourcecode.c.h; path = DefaultReply.h; sourceTree = "<group>"; };
		A0D31D641B82177E0068E154 /* DefaultReply.m */ = {isa = PBXFileReference; fileEncoding = 4; lastKnownFileType = sourcecode.c.objc; path = DefaultReply.m; sourceTree = "<group>"; };
		A0D31D651B82177E0068E154 /* DefaultReplyDishList.h */ = {isa = PBXFileReference; fileEncoding = 4; lastKnownFileType = sourcecode.c.h; name = DefaultReplyDishList.h; path = ../../../Commond/Model/DefaultReplyDishList.h; sourceTree = "<group>"; };
		A0D31D661B82177E0068E154 /* DefaultReplyDishList.m */ = {isa = PBXFileReference; fileEncoding = 4; lastKnownFileType = sourcecode.c.objc; name = DefaultReplyDishList.m; path = ../../../Commond/Model/DefaultReplyDishList.m; sourceTree = "<group>"; };
		A0D31D6B1B8230FB0068E154 /* DefaultReplyMerchantList.h */ = {isa = PBXFileReference; fileEncoding = 4; lastKnownFileType = sourcecode.c.h; path = DefaultReplyMerchantList.h; sourceTree = "<group>"; };
		A0D31D6C1B8230FB0068E154 /* DefaultReplyMerchantList.m */ = {isa = PBXFileReference; fileEncoding = 4; lastKnownFileType = sourcecode.c.objc; path = DefaultReplyMerchantList.m; sourceTree = "<group>"; };
		A0D5E8A71B6CB2730017D133 /* DetailBtn.h */ = {isa = PBXFileReference; fileEncoding = 4; lastKnownFileType = sourcecode.c.h; path = DetailBtn.h; sourceTree = "<group>"; };
		A0D5E8A81B6CB2730017D133 /* DetailBtn.m */ = {isa = PBXFileReference; fileEncoding = 4; lastKnownFileType = sourcecode.c.objc; path = DetailBtn.m; sourceTree = "<group>"; };
		A0D5E8AA1B6CB7700017D133 /* DetailTableViewCell.h */ = {isa = PBXFileReference; fileEncoding = 4; lastKnownFileType = sourcecode.c.h; path = DetailTableViewCell.h; sourceTree = "<group>"; };
		A0D5E8AB1B6CB7700017D133 /* DetailTableViewCell.m */ = {isa = PBXFileReference; fileEncoding = 4; lastKnownFileType = sourcecode.c.objc; path = DetailTableViewCell.m; sourceTree = "<group>"; };
		A0D5E8AC1B6CB7700017D133 /* DetailTableViewCell.xib */ = {isa = PBXFileReference; fileEncoding = 4; lastKnownFileType = file.xib; path = DetailTableViewCell.xib; sourceTree = "<group>"; };
		A0D5E8B01B6CD4B40017D133 /* OrderingViewController.h */ = {isa = PBXFileReference; fileEncoding = 4; lastKnownFileType = sourcecode.c.h; path = OrderingViewController.h; sourceTree = "<group>"; };
		A0D5E8B11B6CD4B40017D133 /* OrderingViewController.m */ = {isa = PBXFileReference; fileEncoding = 4; lastKnownFileType = sourcecode.c.objc; path = OrderingViewController.m; sourceTree = "<group>"; };
		A0D5E8B41B6CEA6F0017D133 /* RestaurantView.h */ = {isa = PBXFileReference; fileEncoding = 4; lastKnownFileType = sourcecode.c.h; name = RestaurantView.h; path = ../RestaurantView.h; sourceTree = "<group>"; };
		A0D5E8B51B6CEA6F0017D133 /* RestaurantView.m */ = {isa = PBXFileReference; fileEncoding = 4; lastKnownFileType = sourcecode.c.objc; name = RestaurantView.m; path = ../RestaurantView.m; sourceTree = "<group>"; };
		A0DFCBC51B2D7CEA00A1D91F /* DemoTree.app */ = {isa = PBXFileReference; explicitFileType = wrapper.application; includeInIndex = 0; path = DemoTree.app; sourceTree = BUILT_PRODUCTS_DIR; };
		A0DFCBC91B2D7CEA00A1D91F /* Info.plist */ = {isa = PBXFileReference; lastKnownFileType = text.plist.xml; path = Info.plist; sourceTree = "<group>"; };
		A0DFCBCA1B2D7CEA00A1D91F /* main.m */ = {isa = PBXFileReference; lastKnownFileType = sourcecode.c.objc; path = main.m; sourceTree = "<group>"; };
		A0DFCBCC1B2D7CEA00A1D91F /* AppDelegate.h */ = {isa = PBXFileReference; lastKnownFileType = sourcecode.c.h; name = AppDelegate.h; path = ../AppDelegate.h; sourceTree = "<group>"; };
		A0DFCBCD1B2D7CEA00A1D91F /* AppDelegate.m */ = {isa = PBXFileReference; lastKnownFileType = sourcecode.c.objc; name = AppDelegate.m; path = ../AppDelegate.m; sourceTree = "<group>"; };
		A0DFCBCF1B2D7CEA00A1D91F /* ViewController.h */ = {isa = PBXFileReference; lastKnownFileType = sourcecode.c.h; name = ViewController.h; path = ../ViewController.h; sourceTree = "<group>"; };
		A0DFCBD01B2D7CEA00A1D91F /* ViewController.m */ = {isa = PBXFileReference; lastKnownFileType = sourcecode.c.objc; name = ViewController.m; path = ../ViewController.m; sourceTree = "<group>"; };
		A0DFCBD31B2D7CEA00A1D91F /* Base */ = {isa = PBXFileReference; lastKnownFileType = file.storyboard; name = Base; path = Base.lproj/Main.storyboard; sourceTree = "<group>"; };
		A0DFCBD51B2D7CEA00A1D91F /* Images.xcassets */ = {isa = PBXFileReference; lastKnownFileType = folder.assetcatalog; name = Images.xcassets; path = ../Images.xcassets; sourceTree = "<group>"; };
		A0DFCBD81B2D7CEA00A1D91F /* Base */ = {isa = PBXFileReference; lastKnownFileType = file.xib; name = Base; path = Base.lproj/LaunchScreen.xib; sourceTree = "<group>"; };
		A0DFCBDE1B2D7CEA00A1D91F /* DemoTreeTests.xctest */ = {isa = PBXFileReference; explicitFileType = wrapper.cfbundle; includeInIndex = 0; path = DemoTreeTests.xctest; sourceTree = BUILT_PRODUCTS_DIR; };
		A0DFCBE31B2D7CEA00A1D91F /* Info.plist */ = {isa = PBXFileReference; lastKnownFileType = text.plist.xml; path = Info.plist; sourceTree = "<group>"; };
		A0DFCBE41B2D7CEA00A1D91F /* DemoTreeTests.m */ = {isa = PBXFileReference; lastKnownFileType = sourcecode.c.objc; path = DemoTreeTests.m; sourceTree = "<group>"; };
		A0E40A611B4382220036F44B /* TakeOutCell.h */ = {isa = PBXFileReference; fileEncoding = 4; lastKnownFileType = sourcecode.c.h; path = TakeOutCell.h; sourceTree = "<group>"; };
		A0E40A621B4382220036F44B /* TakeOutCell.m */ = {isa = PBXFileReference; fileEncoding = 4; lastKnownFileType = sourcecode.c.objc; path = TakeOutCell.m; sourceTree = "<group>"; };
		A0E40A631B4382220036F44B /* TakeOutCell.xib */ = {isa = PBXFileReference; fileEncoding = 4; lastKnownFileType = file.xib; path = TakeOutCell.xib; sourceTree = "<group>"; };
		A0E41A5A1B48DE2900769BB2 /* HomePageViewController.h */ = {isa = PBXFileReference; fileEncoding = 4; lastKnownFileType = sourcecode.c.h; path = HomePageViewController.h; sourceTree = "<group>"; };
		A0E41A5B1B48DE2900769BB2 /* HomePageViewController.m */ = {isa = PBXFileReference; fileEncoding = 4; lastKnownFileType = sourcecode.c.objc; path = HomePageViewController.m; sourceTree = "<group>"; };
		A0E9FEFA1B452A03000A57AB /* MenuViewController.h */ = {isa = PBXFileReference; fileEncoding = 4; lastKnownFileType = sourcecode.c.h; path = MenuViewController.h; sourceTree = "<group>"; };
		A0E9FEFB1B452A03000A57AB /* MenuViewController.m */ = {isa = PBXFileReference; fileEncoding = 4; lastKnownFileType = sourcecode.c.objc; path = MenuViewController.m; sourceTree = "<group>"; };
		A0EE8F3E1B37C240002CD123 /* DemoTree.pch */ = {isa = PBXFileReference; lastKnownFileType = sourcecode.c.h; path = DemoTree.pch; sourceTree = "<group>"; };
		A0EEDCB01B4EADCE0003532F /* TabButton.h */ = {isa = PBXFileReference; fileEncoding = 4; lastKnownFileType = sourcecode.c.h; path = TabButton.h; sourceTree = "<group>"; };
		A0EEDCB11B4EADCE0003532F /* TabButton.m */ = {isa = PBXFileReference; fileEncoding = 4; lastKnownFileType = sourcecode.c.objc; path = TabButton.m; sourceTree = "<group>"; };
		C2BB328F5E0FBFFE7C0F60F5 /* libPods.a */ = {isa = PBXFileReference; explicitFileType = archive.ar; includeInIndex = 0; path = libPods.a; sourceTree = BUILT_PRODUCTS_DIR; };
		DB10E2DE2B27A0FDBFFCB399 /* Pods.release.xcconfig */ = {isa = PBXFileReference; includeInIndex = 1; lastKnownFileType = text.xcconfig; name = Pods.release.xcconfig; path = "Pods/Target Support Files/Pods/Pods.release.xcconfig"; sourceTree = "<group>"; };
/* End PBXFileReference section */

/* Begin PBXFrameworksBuildPhase section */
		A0DFCBC21B2D7CEA00A1D91F /* Frameworks */ = {
			isa = PBXFrameworksBuildPhase;
			buildActionMask = 2147483647;
			files = (
				0E1E92A54A896734437D6F41 /* libPods.a in Frameworks */,
			);
			runOnlyForDeploymentPostprocessing = 0;
		};
		A0DFCBDB1B2D7CEA00A1D91F /* Frameworks */ = {
			isa = PBXFrameworksBuildPhase;
			buildActionMask = 2147483647;
			files = (
			);
			runOnlyForDeploymentPostprocessing = 0;
		};
/* End PBXFrameworksBuildPhase section */

/* Begin PBXGroup section */
		2186FC149240B4EE9D03863A /* Frameworks */ = {
			isa = PBXGroup;
			children = (
				C2BB328F5E0FBFFE7C0F60F5 /* libPods.a */,
			);
			name = Frameworks;
			sourceTree = "<group>";
		};
		A00F51B01B7B3E1C00E92969 /* Manager */ = {
			isa = PBXGroup;
			children = (
				A0D31D5C1B82173D0068E154 /* TreeManager.h */,
				A0D31D5D1B82173D0068E154 /* TreeManager.m */,
			);
			path = Manager;
			sourceTree = "<group>";
		};
		A00F51B11B7B3E2700E92969 /* API */ = {
			isa = PBXGroup;
			children = (
				A0D31D561B8217320068E154 /* MainRequestHeader.h */,
				A0D31D571B8217320068E154 /* MainRequestHeader.m */,
				A0D31D581B8217320068E154 /* ZZRequestAPI.h */,
				A0D31D591B8217320068E154 /* ZZRequestAPI.m */,
			);
			path = API;
			sourceTree = "<group>";
		};
		A00F51B21B7B3E3400E92969 /* CommondUI */ = {
			isa = PBXGroup;
			children = (
				A0A36BEA1B82DD0E00170441 /* ZJCutLine.h */,
				A0A36BEB1B82DD0E00170441 /* ZJCutLine.m */,
				A0A36BEC1B82DD0E00170441 /* ZJLineLabel.h */,
				A0A36BED1B82DD0E00170441 /* ZJLineLabel.m */,
			);
			path = CommondUI;
			sourceTree = "<group>";
		};
		A028D1171B3ABB680021303F /* ADScrollView */ = {
			isa = PBXGroup;
			children = (
				A028D11B1B3ABB680021303F /* AdScrollView.h */,
				A028D11C1B3ABB680021303F /* AdScrollView.m */,
			);
			path = ADScrollView;
			sourceTree = "<group>";
		};
		A04833061B74A851005EAC26 /* RestaurantDetail */ = {
			isa = PBXGroup;
			children = (
				A048330A1B74A899005EAC26 /* Views */,
				A04833071B74A883005EAC26 /* ResDetailViewController.h */,
				A04833081B74A883005EAC26 /* ResDetailViewController.m */,
			);
			path = RestaurantDetail;
			sourceTree = "<group>";
		};
		A048330A1B74A899005EAC26 /* Views */ = {
			isa = PBXGroup;
			children = (
				A048330B1B74A8D5005EAC26 /* ResDetailHeaderView.h */,
				A048330C1B74A8D5005EAC26 /* ResDetailHeaderView.m */,
			);
			path = Views;
			sourceTree = "<group>";
		};
		A069B2671B452CF800C84479 /* View */ = {
			isa = PBXGroup;
			children = (
				A068BA061B45337000B1D56E /* MenuTableViewCell.h */,
				A068BA071B45337000B1D56E /* MenuTableViewCell.m */,
				A068BA081B45337000B1D56E /* MenuTableViewCell.xib */,
			);
			path = View;
			sourceTree = "<group>";
		};
		A06E57741B80A1E9009C96CC /* Config */ = {
			isa = PBXGroup;
			children = (
				A0D31D5F1B82176F0068E154 /* Config.h */,
			);
			path = Config;
			sourceTree = "<group>";
		};
		A07466401B35808D00ED60A2 /* CustTabBarController */ = {
			isa = PBXGroup;
			children = (
				A07466411B35808D00ED60A2 /* ZZTabBarItem.h */,
				A07466421B35808D00ED60A2 /* ZZTabBarItem.m */,
				A07466431B35808D00ED60A2 /* ZZTabBarView.h */,
				A07466441B35808D00ED60A2 /* ZZTabBarView.m */,
				A07466451B35808D00ED60A2 /* ZZTabBarViewController.h */,
				A07466461B35808D00ED60A2 /* ZZTabBarViewController.m */,
			);
			path = CustTabBarController;
			sourceTree = "<group>";
		};
		A0751D051B37C30C00F546BE /* Main */ = {
			isa = PBXGroup;
			children = (
				A00F51B31B7B3F0200E92969 /* MainViewController.h */,
				A00F51B41B7B3F0200E92969 /* MainViewController.m */,
				A0CFFF031B6DB6DF005A2BF4 /* Model */,
				A0751D1C1B38248200F546BE /* Views */,
			);
			path = Main;
			sourceTree = "<group>";
		};
		A0751D061B37C31100F546BE /* Second */ = {
			isa = PBXGroup;
			children = (
				A0751D091B37C37700F546BE /* SecondViewController.h */,
				A0751D0A1B37C37700F546BE /* SecondViewController.m */,
			);
			path = Second;
			sourceTree = "<group>";
		};
		A0751D071B37C31A00F546BE /* Third */ = {
			isa = PBXGroup;
			children = (
				A0751D0C1B37C38000F546BE /* ThirdViewController.h */,
				A0751D0D1B37C38000F546BE /* ThirdViewController.m */,
			);
			path = Third;
			sourceTree = "<group>";
		};
		A0751D081B37C32100F546BE /* Fourth */ = {
			isa = PBXGroup;
			children = (
				A0751D0F1B37C38B00F546BE /* FourthViewController.h */,
				A0751D101B37C38B00F546BE /* FourthViewController.m */,
			);
			path = Fourth;
			sourceTree = "<group>";
		};
		A0751D121B37C3E000F546BE /* SuperClass */ = {
			isa = PBXGroup;
			children = (
				A0751D161B37C45800F546BE /* ZZNaivgationController.h */,
				A0751D171B37C45800F546BE /* ZZNaivgationController.m */,
			);
			path = SuperClass;
			sourceTree = "<group>";
		};
		A0751D1C1B38248200F546BE /* Views */ = {
			isa = PBXGroup;
			children = (
				A0751D1D1B3824B700F546BE /* MainHeaderView.h */,
				A0751D1E1B3824B700F546BE /* MainHeaderView.m */,
				A00549B01B3D9BC400B88A62 /* MainCollectionCell.h */,
				A00549B11B3D9BC400B88A62 /* MainCollectionCell.m */,
				A0A1A8FE1B3FADD300E8834B /* MainDetailCell.h */,
				A0A1A8FF1B3FADD300E8834B /* MainDetailCell.m */,
				A0168A031B6B462A00DEBB5A /* NewHeaderView.h */,
				A0168A041B6B462A00DEBB5A /* NewHeaderView.m */,
				A040D3D41B6B57870054BCBF /* MainTableViewCell.h */,
				A040D3D51B6B57870054BCBF /* MainTableViewCell.m */,
				A040D3D61B6B57870054BCBF /* MainTableViewCell.xib */,
			);
			path = Views;
			sourceTree = "<group>";
		};
		A0A1A9011B3FC48500E8834B /* Restaurant */ = {
			isa = PBXGroup;
			children = (
				A0D31D6A1B8230D50068E154 /* Model */,
				A04833061B74A851005EAC26 /* RestaurantDetail */,
				A0E41A591B48DDE900769BB2 /* RestaurantHomePage */,
				A0A1A9051B3FD4E400E8834B /* Views */,
				A0A1A9021B3FC4A800E8834B /* RestaurantController.h */,
				A0A1A9031B3FC4A800E8834B /* RestaurantController.m */,
			);
			path = Restaurant;
			sourceTree = "<group>";
		};
		A0A1A9051B3FD4E400E8834B /* Views */ = {
			isa = PBXGroup;
			children = (
				A0B622051B417CB200EB4798 /* CotegoryView.h */,
				A0B622061B417CB200EB4798 /* CotegoryView.m */,
				A0A37E681B423FD400D9BC17 /* FilterView.h */,
				A0A37E691B423FD400D9BC17 /* FilterView.m */,
				A0A37E711B429DAD00D9BC17 /* RestaurantCell.h */,
				A0A37E721B429DAD00D9BC17 /* RestaurantCell.m */,
				A0A37E731B429DAD00D9BC17 /* RestaurantCell.xib */,
				A0E40A611B4382220036F44B /* TakeOutCell.h */,
				A0E40A621B4382220036F44B /* TakeOutCell.m */,
				A0E40A631B4382220036F44B /* TakeOutCell.xib */,
			);
			path = Views;
			sourceTree = "<group>";
		};
		A0CFFF031B6DB6DF005A2BF4 /* Model */ = {
			isa = PBXGroup;
			children = (
				A0CFFF041B6DB949005A2BF4 /* BannerObject.h */,
				A0CFFF051B6DB949005A2BF4 /* BannerObject.m */,
				A0D31D651B82177E0068E154 /* DefaultReplyDishList.h */,
				A0D31D661B82177E0068E154 /* DefaultReplyDishList.m */,
			);
			path = Model;
			sourceTree = "<group>";
		};
		A0CFFF071B6DBCF8005A2BF4 /* Login */ = {
			isa = PBXGroup;
			children = (
				A0CFFF081B6DBD1C005A2BF4 /* MineViewController.h */,
				A0CFFF091B6DBD1C005A2BF4 /* MineViewController.m */,
				A0CFFF0A1B6DBD1C005A2BF4 /* MineViewController.xib */,
				A0CFFF0D1B6DC86D005A2BF4 /* EnrollViewController.h */,
				A0CFFF0E1B6DC86D005A2BF4 /* EnrollViewController.m */,
				A0CFFF0F1B6DC86D005A2BF4 /* EnrollViewController.xib */,
			);
			path = Login;
			sourceTree = "<group>";
		};
		A0D31D601B82177E0068E154 /* Model */ = {
			isa = PBXGroup;
			children = (
				A0D31D611B82177E0068E154 /* Default.h */,
				A0D31D621B82177E0068E154 /* Default.m */,
				A0D31D631B82177E0068E154 /* DefaultReply.h */,
				A0D31D641B82177E0068E154 /* DefaultReply.m */,
			);
			path = Model;
			sourceTree = "<group>";
		};
		A0D31D6A1B8230D50068E154 /* Model */ = {
			isa = PBXGroup;
			children = (
				A0D31D6B1B8230FB0068E154 /* DefaultReplyMerchantList.h */,
				A0D31D6C1B8230FB0068E154 /* DefaultReplyMerchantList.m */,
			);
			path = Model;
			sourceTree = "<group>";
		};
		A0D5E8AF1B6CD4760017D133 /* Ordering */ = {
			isa = PBXGroup;
			children = (
				A0D5E8B31B6CD5740017D133 /* View */,
				A0D5E8B01B6CD4B40017D133 /* OrderingViewController.h */,
				A0D5E8B11B6CD4B40017D133 /* OrderingViewController.m */,
			);
			path = Ordering;
			sourceTree = "<group>";
		};
		A0D5E8B31B6CD5740017D133 /* View */ = {
			isa = PBXGroup;
			children = (
				A0D5E8B41B6CEA6F0017D133 /* RestaurantView.h */,
				A0D5E8B51B6CEA6F0017D133 /* RestaurantView.m */,
			);
			path = View;
			sourceTree = "<group>";
		};
		A0DE996A1B357A590097E66F /* ThreeParty */ = {
			isa = PBXGroup;
			children = (
				A028D1171B3ABB680021303F /* ADScrollView */,
				A07466401B35808D00ED60A2 /* CustTabBarController */,
			);
			path = ThreeParty;
			sourceTree = "<group>";
		};
		A0DFCBBC1B2D7CEA00A1D91F = {
			isa = PBXGroup;
			children = (
				A0DFCBC71B2D7CEA00A1D91F /* DemoTree */,
				A0DFCBE11B2D7CEA00A1D91F /* DemoTreeTests */,
				A0DFCBC61B2D7CEA00A1D91F /* Products */,
				E69EDE8E5DAD6EFCA9573036 /* Pods */,
				2186FC149240B4EE9D03863A /* Frameworks */,
			);
			sourceTree = "<group>";
		};
		A0DFCBC61B2D7CEA00A1D91F /* Products */ = {
			isa = PBXGroup;
			children = (
				A0DFCBC51B2D7CEA00A1D91F /* DemoTree.app */,
				A0DFCBDE1B2D7CEA00A1D91F /* DemoTreeTests.xctest */,
			);
			name = Products;
			sourceTree = "<group>";
		};
		A0DFCBC71B2D7CEA00A1D91F /* DemoTree */ = {
			isa = PBXGroup;
			children = (
				A0751D121B37C3E000F546BE /* SuperClass */,
				A0DE996A1B357A590097E66F /* ThreeParty */,
				A0DFCBF01B2D7FA900A1D91F /* Commond */,
				A0DFCBEF1B2D7F5300A1D91F /* Controller */,
				A0DFCBEE1B2D7F0100A1D91F /* Entry */,
				A0DFCBC81B2D7CEA00A1D91F /* Supporting Files */,
			);
			path = DemoTree;
			sourceTree = "<group>";
		};
		A0DFCBC81B2D7CEA00A1D91F /* Supporting Files */ = {
			isa = PBXGroup;
			children = (
				A0DFCBC91B2D7CEA00A1D91F /* Info.plist */,
				A0DFCBCA1B2D7CEA00A1D91F /* main.m */,
				A0EE8F3E1B37C240002CD123 /* DemoTree.pch */,
			);
			name = "Supporting Files";
			sourceTree = "<group>";
		};
		A0DFCBE11B2D7CEA00A1D91F /* DemoTreeTests */ = {
			isa = PBXGroup;
			children = (
				A0DFCBE41B2D7CEA00A1D91F /* DemoTreeTests.m */,
				A0DFCBE21B2D7CEA00A1D91F /* Supporting Files */,
			);
			path = DemoTreeTests;
			sourceTree = "<group>";
		};
		A0DFCBE21B2D7CEA00A1D91F /* Supporting Files */ = {
			isa = PBXGroup;
			children = (
				A0DFCBE31B2D7CEA00A1D91F /* Info.plist */,
			);
			name = "Supporting Files";
			sourceTree = "<group>";
		};
		A0DFCBEE1B2D7F0100A1D91F /* Entry */ = {
			isa = PBXGroup;
			children = (
				A0DFCBCC1B2D7CEA00A1D91F /* AppDelegate.h */,
				A0DFCBCD1B2D7CEA00A1D91F /* AppDelegate.m */,
				A0DFCBCF1B2D7CEA00A1D91F /* ViewController.h */,
				A0DFCBD01B2D7CEA00A1D91F /* ViewController.m */,
				A0DFCBD21B2D7CEA00A1D91F /* Main.storyboard */,
				A0DFCBD51B2D7CEA00A1D91F /* Images.xcassets */,
				A0DFCBD71B2D7CEA00A1D91F /* LaunchScreen.xib */,
			);
			path = Entry;
			sourceTree = "<group>";
		};
		A0DFCBEF1B2D7F5300A1D91F /* Controller */ = {
			isa = PBXGroup;
			children = (
				A0751D051B37C30C00F546BE /* Main */,
				A0751D061B37C31100F546BE /* Second */,
				A0751D071B37C31A00F546BE /* Third */,
				A0751D081B37C32100F546BE /* Fourth */,
				A0CFFF071B6DBCF8005A2BF4 /* Login */,
				A0D5E8AF1B6CD4760017D133 /* Ordering */,
				A0E9FEF91B4528E9000A57AB /* Menu */,
				A0A1A9011B3FC48500E8834B /* Restaurant */,
			);
			path = Controller;
			sourceTree = "<group>";
		};
		A0DFCBF01B2D7FA900A1D91F /* Commond */ = {
			isa = PBXGroup;
			children = (
				A0D31D601B82177E0068E154 /* Model */,
				A06E57741B80A1E9009C96CC /* Config */,
				A00F51B21B7B3E3400E92969 /* CommondUI */,
				A00F51B11B7B3E2700E92969 /* API */,
				A00F51B01B7B3E1C00E92969 /* Manager */,
			);
			path = Commond;
			sourceTree = "<group>";
		};
		A0E41A591B48DDE900769BB2 /* RestaurantHomePage */ = {
			isa = PBXGroup;
			children = (
				A0E41A5D1B48DE8500769BB2 /* Views */,
				A0E41A5A1B48DE2900769BB2 /* HomePageViewController.h */,
				A0E41A5B1B48DE2900769BB2 /* HomePageViewController.m */,
				A040D3E01B6B6E0D0054BCBF /* HomeDetailViewController.h */,
				A040D3E11B6B6E0D0054BCBF /* HomeDetailViewController.m */,
				A040D3DD1B6B6DAD0054BCBF /* HomeViewController.h */,
				A040D3DE1B6B6DAD0054BCBF /* HomeViewController.m */,
			);
			path = RestaurantHomePage;
			sourceTree = "<group>";
		};
		A0E41A5D1B48DE8500769BB2 /* Views */ = {
			isa = PBXGroup;
			children = (
				A0B76F4E1B82D63000C1FF60 /* DetailHeaderView.h */,
				A0B76F4F1B82D63000C1FF60 /* DetailHeaderView.m */,
				A0931CFF1B48E44C0036D5A8 /* RecommendCell.h */,
				A0931D001B48E44C0036D5A8 /* RecommendCell.m */,
				A0931D021B48E4560036D5A8 /* RecommendHeaderView.h */,
				A0931D031B48E4560036D5A8 /* RecommendHeaderView.m */,
				A0EEDCB01B4EADCE0003532F /* TabButton.h */,
				A0EEDCB11B4EADCE0003532F /* TabButton.m */,
				A0D5E8A71B6CB2730017D133 /* DetailBtn.h */,
				A0D5E8A81B6CB2730017D133 /* DetailBtn.m */,
				A0D5E8AA1B6CB7700017D133 /* DetailTableViewCell.h */,
				A0D5E8AB1B6CB7700017D133 /* DetailTableViewCell.m */,
				A0D5E8AC1B6CB7700017D133 /* DetailTableViewCell.xib */,
				A0A36BE71B82D71F00170441 /* HomePageHeaderView.h */,
				A0A36BE81B82D71F00170441 /* HomePageHeaderView.m */,
			);
			path = Views;
			sourceTree = "<group>";
		};
		A0E9FEF91B4528E9000A57AB /* Menu */ = {
			isa = PBXGroup;
			children = (
				A069B2671B452CF800C84479 /* View */,
				A0E9FEFA1B452A03000A57AB /* MenuViewController.h */,
				A0E9FEFB1B452A03000A57AB /* MenuViewController.m */,
			);
			path = Menu;
			sourceTree = "<group>";
		};
		E69EDE8E5DAD6EFCA9573036 /* Pods */ = {
			isa = PBXGroup;
			children = (
				542D6EC0C1481A4B1D195EB0 /* Pods.debug.xcconfig */,
				DB10E2DE2B27A0FDBFFCB399 /* Pods.release.xcconfig */,
			);
			name = Pods;
			sourceTree = "<group>";
		};
/* End PBXGroup section */

/* Begin PBXNativeTarget section */
		A0DFCBC41B2D7CEA00A1D91F /* DemoTree */ = {
			isa = PBXNativeTarget;
			buildConfigurationList = A0DFCBE81B2D7CEA00A1D91F /* Build configuration list for PBXNativeTarget "DemoTree" */;
			buildPhases = (
				5B7661BFD3E6A46FEDC1ACC8 /* Check Pods Manifest.lock */,
				A0DFCBC11B2D7CEA00A1D91F /* Sources */,
				A0DFCBC21B2D7CEA00A1D91F /* Frameworks */,
				A0DFCBC31B2D7CEA00A1D91F /* Resources */,
				4193F4D7BF06C47FD1639B0D /* Copy Pods Resources */,
			);
			buildRules = (
			);
			dependencies = (
			);
			name = DemoTree;
			productName = DemoTree;
			productReference = A0DFCBC51B2D7CEA00A1D91F /* DemoTree.app */;
			productType = "com.apple.product-type.application";
		};
		A0DFCBDD1B2D7CEA00A1D91F /* DemoTreeTests */ = {
			isa = PBXNativeTarget;
			buildConfigurationList = A0DFCBEB1B2D7CEA00A1D91F /* Build configuration list for PBXNativeTarget "DemoTreeTests" */;
			buildPhases = (
				A0DFCBDA1B2D7CEA00A1D91F /* Sources */,
				A0DFCBDB1B2D7CEA00A1D91F /* Frameworks */,
				A0DFCBDC1B2D7CEA00A1D91F /* Resources */,
			);
			buildRules = (
			);
			dependencies = (
				A0DFCBE01B2D7CEA00A1D91F /* PBXTargetDependency */,
			);
			name = DemoTreeTests;
			productName = DemoTreeTests;
			productReference = A0DFCBDE1B2D7CEA00A1D91F /* DemoTreeTests.xctest */;
			productType = "com.apple.product-type.bundle.unit-test";
		};
/* End PBXNativeTarget section */

/* Begin PBXProject section */
		A0DFCBBD1B2D7CEA00A1D91F /* Project object */ = {
			isa = PBXProject;
			attributes = {
				LastUpgradeCheck = 0630;
				ORGANIZATIONNAME = "小悠美厨";
				TargetAttributes = {
					A0DFCBC41B2D7CEA00A1D91F = {
						CreatedOnToolsVersion = 6.3.1;
						DevelopmentTeam = 5DQH4A6U3L;
					};
					A0DFCBDD1B2D7CEA00A1D91F = {
						CreatedOnToolsVersion = 6.3.1;
						TestTargetID = A0DFCBC41B2D7CEA00A1D91F;
					};
				};
			};
			buildConfigurationList = A0DFCBC01B2D7CEA00A1D91F /* Build configuration list for PBXProject "DemoTree" */;
			compatibilityVersion = "Xcode 3.2";
			developmentRegion = English;
			hasScannedForEncodings = 0;
			knownRegions = (
				en,
				Base,
			);
			mainGroup = A0DFCBBC1B2D7CEA00A1D91F;
			productRefGroup = A0DFCBC61B2D7CEA00A1D91F /* Products */;
			projectDirPath = "";
			projectRoot = "";
			targets = (
				A0DFCBC41B2D7CEA00A1D91F /* DemoTree */,
				A0DFCBDD1B2D7CEA00A1D91F /* DemoTreeTests */,
			);
		};
/* End PBXProject section */

/* Begin PBXResourcesBuildPhase section */
		A0DFCBC31B2D7CEA00A1D91F /* Resources */ = {
			isa = PBXResourcesBuildPhase;
			buildActionMask = 2147483647;
			files = (
				A0DFCBD41B2D7CEA00A1D91F /* Main.storyboard in Resources */,
				A0CFFF111B6DC86D005A2BF4 /* EnrollViewController.xib in Resources */,
				A0D5E8AE1B6CB7700017D133 /* DetailTableViewCell.xib in Resources */,
				A068BA0A1B45337000B1D56E /* MenuTableViewCell.xib in Resources */,
				A0DFCBD91B2D7CEA00A1D91F /* LaunchScreen.xib in Resources */,
				A0CFFF0C1B6DBD1C005A2BF4 /* MineViewController.xib in Resources */,
				A0A37E751B429DAD00D9BC17 /* RestaurantCell.xib in Resources */,
				A0DFCBD61B2D7CEA00A1D91F /* Images.xcassets in Resources */,
				A040D3D81B6B57870054BCBF /* MainTableViewCell.xib in Resources */,
				A0E40A651B4382220036F44B /* TakeOutCell.xib in Resources */,
			);
			runOnlyForDeploymentPostprocessing = 0;
		};
		A0DFCBDC1B2D7CEA00A1D91F /* Resources */ = {
			isa = PBXResourcesBuildPhase;
			buildActionMask = 2147483647;
			files = (
			);
			runOnlyForDeploymentPostprocessing = 0;
		};
/* End PBXResourcesBuildPhase section */

/* Begin PBXShellScriptBuildPhase section */
		4193F4D7BF06C47FD1639B0D /* Copy Pods Resources */ = {
			isa = PBXShellScriptBuildPhase;
			buildActionMask = 2147483647;
			files = (
			);
			inputPaths = (
			);
			name = "Copy Pods Resources";
			outputPaths = (
			);
			runOnlyForDeploymentPostprocessing = 0;
			shellPath = /bin/sh;
			shellScript = "\"${SRCROOT}/Pods/Target Support Files/Pods/Pods-resources.sh\"\n";
			showEnvVarsInLog = 0;
		};
		5B7661BFD3E6A46FEDC1ACC8 /* Check Pods Manifest.lock */ = {
			isa = PBXShellScriptBuildPhase;
			buildActionMask = 2147483647;
			files = (
			);
			inputPaths = (
			);
			name = "Check Pods Manifest.lock";
			outputPaths = (
			);
			runOnlyForDeploymentPostprocessing = 0;
			shellPath = /bin/sh;
			shellScript = "diff \"${PODS_ROOT}/../Podfile.lock\" \"${PODS_ROOT}/Manifest.lock\" > /dev/null\nif [[ $? != 0 ]] ; then\n    cat << EOM\nerror: The sandbox is not in sync with the Podfile.lock. Run 'pod install' or update your CocoaPods installation.\nEOM\n    exit 1\nfi\n";
			showEnvVarsInLog = 0;
		};
/* End PBXShellScriptBuildPhase section */

/* Begin PBXSourcesBuildPhase section */
		A0DFCBC11B2D7CEA00A1D91F /* Sources */ = {
			isa = PBXSourcesBuildPhase;
			buildActionMask = 2147483647;
			files = (
				A0B622071B417CB200EB4798 /* CotegoryView.m in Sources */,
				A0EEDCB21B4EADCE0003532F /* TabButton.m in Sources */,
				A00549B21B3D9BC400B88A62 /* MainCollectionCell.m in Sources */,
				A0E41A5C1B48DE2900769BB2 /* HomePageViewController.m in Sources */,
				A0A37E741B429DAD00D9BC17 /* RestaurantCell.m in Sources */,
				A0751D1F1B3824B700F546BE /* MainHeaderView.m in Sources */,
				A0D31D691B82177E0068E154 /* DefaultReplyDishList.m in Sources */,
				A0D5E8AD1B6CB7700017D133 /* DetailTableViewCell.m in Sources */,
				A0931D041B48E4560036D5A8 /* RecommendHeaderView.m in Sources */,
				A07466491B35808D00ED60A2 /* ZZTabBarViewController.m in Sources */,
				A0D5E8B61B6CEA6F0017D133 /* RestaurantView.m in Sources */,
				A07466471B35808D00ED60A2 /* ZZTabBarItem.m in Sources */,
				A00F51B51B7B3F0200E92969 /* MainViewController.m in Sources */,
				A0CFFF101B6DC86D005A2BF4 /* EnrollViewController.m in Sources */,
				A0D31D5A1B8217320068E154 /* MainRequestHeader.m in Sources */,
				A048330D1B74A8D5005EAC26 /* ResDetailHeaderView.m in Sources */,
				A0DFCBD11B2D7CEA00A1D91F /* ViewController.m in Sources */,
				A0DFCBCE1B2D7CEA00A1D91F /* AppDelegate.m in Sources */,
				A0168A051B6B462A00DEBB5A /* NewHeaderView.m in Sources */,
				A0A36BE91B82D71F00170441 /* HomePageHeaderView.m in Sources */,
				A0751D0B1B37C37700F546BE /* SecondViewController.m in Sources */,
				A0D31D6D1B8230FB0068E154 /* DefaultReplyMerchantList.m in Sources */,
				A0A1A9001B3FADD300E8834B /* MainDetailCell.m in Sources */,
				A0D31D671B82177E0068E154 /* Default.m in Sources */,
				A0D5E8B21B6CD4B40017D133 /* OrderingViewController.m in Sources */,
				A0D5E8A91B6CB2730017D133 /* DetailBtn.m in Sources */,
				A0751D0E1B37C38000F546BE /* ThirdViewController.m in Sources */,
				A04833091B74A883005EAC26 /* ResDetailViewController.m in Sources */,
				A040D3E21B6B6E0D0054BCBF /* HomeDetailViewController.m in Sources */,
				A0A1A9041B3FC4A800E8834B /* RestaurantController.m in Sources */,
				A0D31D5E1B82173D0068E154 /* TreeManager.m in Sources */,
				A0CFFF061B6DB949005A2BF4 /* BannerObject.m in Sources */,
				A0A37E6A1B423FD400D9BC17 /* FilterView.m in Sources */,
				A0D31D681B82177E0068E154 /* DefaultReply.m in Sources */,
				A0751D181B37C45800F546BE /* ZZNaivgationController.m in Sources */,
				A0E40A641B4382220036F44B /* TakeOutCell.m in Sources */,
				A0B76F501B82D63000C1FF60 /* DetailHeaderView.m in Sources */,
				A0751D111B37C38B00F546BE /* FourthViewController.m in Sources */,
				A040D3DF1B6B6DAD0054BCBF /* HomeViewController.m in Sources */,
				A07466481B35808D00ED60A2 /* ZZTabBarView.m in Sources */,
				A040D3D71B6B57870054BCBF /* MainTableViewCell.m in Sources */,
				A028D11F1B3ABB680021303F /* AdScrollView.m in Sources */,
				A0DFCBCB1B2D7CEA00A1D91F /* main.m in Sources */,
				A0CFFF0B1B6DBD1C005A2BF4 /* MineViewController.m in Sources */,
				A0D31D5B1B8217320068E154 /* ZZRequestAPI.m in Sources */,
				A068BA091B45337000B1D56E /* MenuTableViewCell.m in Sources */,
				A0931D011B48E44C0036D5A8 /* RecommendCell.m in Sources */,
				A0E9FEFC1B452A03000A57AB /* MenuViewController.m in Sources */,
				A0A36BEF1B82DD0E00170441 /* ZJLineLabel.m in Sources */,
				A0A36BEE1B82DD0E00170441 /* ZJCutLine.m in Sources */,
			);
			runOnlyForDeploymentPostprocessing = 0;
		};
		A0DFCBDA1B2D7CEA00A1D91F /* Sources */ = {
			isa = PBXSourcesBuildPhase;
			buildActionMask = 2147483647;
			files = (
				A0DFCBE51B2D7CEA00A1D91F /* DemoTreeTests.m in Sources */,
			);
			runOnlyForDeploymentPostprocessing = 0;
		};
/* End PBXSourcesBuildPhase section */

/* Begin PBXTargetDependency section */
		A0DFCBE01B2D7CEA00A1D91F /* PBXTargetDependency */ = {
			isa = PBXTargetDependency;
			target = A0DFCBC41B2D7CEA00A1D91F /* DemoTree */;
			targetProxy = A0DFCBDF1B2D7CEA00A1D91F /* PBXContainerItemProxy */;
		};
/* End PBXTargetDependency section */

/* Begin PBXVariantGroup section */
		A0DFCBD21B2D7CEA00A1D91F /* Main.storyboard */ = {
			isa = PBXVariantGroup;
			children = (
				A0DFCBD31B2D7CEA00A1D91F /* Base */,
			);
			name = Main.storyboard;
			path = ..;
			sourceTree = "<group>";
		};
		A0DFCBD71B2D7CEA00A1D91F /* LaunchScreen.xib */ = {
			isa = PBXVariantGroup;
			children = (
				A0DFCBD81B2D7CEA00A1D91F /* Base */,
			);
			name = LaunchScreen.xib;
			path = ..;
			sourceTree = "<group>";
		};
/* End PBXVariantGroup section */

/* Begin XCBuildConfiguration section */
		A0DFCBE61B2D7CEA00A1D91F /* Debug */ = {
			isa = XCBuildConfiguration;
			buildSettings = {
				ALWAYS_SEARCH_USER_PATHS = NO;
				CLANG_CXX_LANGUAGE_STANDARD = "gnu++0x";
				CLANG_CXX_LIBRARY = "libc++";
				CLANG_ENABLE_MODULES = YES;
				CLANG_ENABLE_OBJC_ARC = YES;
				CLANG_WARN_BOOL_CONVERSION = YES;
				CLANG_WARN_CONSTANT_CONVERSION = YES;
				CLANG_WARN_DIRECT_OBJC_ISA_USAGE = YES_ERROR;
				CLANG_WARN_EMPTY_BODY = YES;
				CLANG_WARN_ENUM_CONVERSION = YES;
				CLANG_WARN_INT_CONVERSION = YES;
				CLANG_WARN_OBJC_ROOT_CLASS = YES_ERROR;
				CLANG_WARN_UNREACHABLE_CODE = YES;
				CLANG_WARN__DUPLICATE_METHOD_MATCH = YES;
				"CODE_SIGN_IDENTITY[sdk=iphoneos*]" = "iPhone Developer";
				COPY_PHASE_STRIP = NO;
				DEBUG_INFORMATION_FORMAT = "dwarf-with-dsym";
				ENABLE_STRICT_OBJC_MSGSEND = YES;
				GCC_C_LANGUAGE_STANDARD = gnu99;
				GCC_DYNAMIC_NO_PIC = NO;
				GCC_NO_COMMON_BLOCKS = YES;
				GCC_OPTIMIZATION_LEVEL = 0;
				GCC_PREPROCESSOR_DEFINITIONS = (
					"DEBUG=1",
					"$(inherited)",
				);
				GCC_SYMBOLS_PRIVATE_EXTERN = NO;
				GCC_WARN_64_TO_32_BIT_CONVERSION = YES;
				GCC_WARN_ABOUT_RETURN_TYPE = YES_ERROR;
				GCC_WARN_UNDECLARED_SELECTOR = YES;
				GCC_WARN_UNINITIALIZED_AUTOS = YES_AGGRESSIVE;
				GCC_WARN_UNUSED_FUNCTION = YES;
				GCC_WARN_UNUSED_VARIABLE = YES;
				IPHONEOS_DEPLOYMENT_TARGET = 8.3;
				MTL_ENABLE_DEBUG_INFO = YES;
				ONLY_ACTIVE_ARCH = YES;
				SDKROOT = iphoneos;
			};
			name = Debug;
		};
		A0DFCBE71B2D7CEA00A1D91F /* Release */ = {
			isa = XCBuildConfiguration;
			buildSettings = {
				ALWAYS_SEARCH_USER_PATHS = NO;
				CLANG_CXX_LANGUAGE_STANDARD = "gnu++0x";
				CLANG_CXX_LIBRARY = "libc++";
				CLANG_ENABLE_MODULES = YES;
				CLANG_ENABLE_OBJC_ARC = YES;
				CLANG_WARN_BOOL_CONVERSION = YES;
				CLANG_WARN_CONSTANT_CONVERSION = YES;
				CLANG_WARN_DIRECT_OBJC_ISA_USAGE = YES_ERROR;
				CLANG_WARN_EMPTY_BODY = YES;
				CLANG_WARN_ENUM_CONVERSION = YES;
				CLANG_WARN_INT_CONVERSION = YES;
				CLANG_WARN_OBJC_ROOT_CLASS = YES_ERROR;
				CLANG_WARN_UNREACHABLE_CODE = YES;
				CLANG_WARN__DUPLICATE_METHOD_MATCH = YES;
				"CODE_SIGN_IDENTITY[sdk=iphoneos*]" = "iPhone Developer";
				COPY_PHASE_STRIP = NO;
				DEBUG_INFORMATION_FORMAT = "dwarf-with-dsym";
				ENABLE_NS_ASSERTIONS = NO;
				ENABLE_STRICT_OBJC_MSGSEND = YES;
				GCC_C_LANGUAGE_STANDARD = gnu99;
				GCC_NO_COMMON_BLOCKS = YES;
				GCC_WARN_64_TO_32_BIT_CONVERSION = YES;
				GCC_WARN_ABOUT_RETURN_TYPE = YES_ERROR;
				GCC_WARN_UNDECLARED_SELECTOR = YES;
				GCC_WARN_UNINITIALIZED_AUTOS = YES_AGGRESSIVE;
				GCC_WARN_UNUSED_FUNCTION = YES;
				GCC_WARN_UNUSED_VARIABLE = YES;
				IPHONEOS_DEPLOYMENT_TARGET = 8.3;
				MTL_ENABLE_DEBUG_INFO = NO;
				SDKROOT = iphoneos;
				VALIDATE_PRODUCT = YES;
			};
			name = Release;
		};
		A0DFCBE91B2D7CEA00A1D91F /* Debug */ = {
			isa = XCBuildConfiguration;
			baseConfigurationReference = 542D6EC0C1481A4B1D195EB0 /* Pods.debug.xcconfig */;
			buildSettings = {
				ASSETCATALOG_COMPILER_APPICON_NAME = AppIcon;
				CODE_SIGN_IDENTITY = "iPhone Developer: Xiaoqiang Feng (RT725VP4NU)";
				GCC_PREFIX_HEADER = "$(SRCROOT)/DemoTree/DemoTree.pch";
				INFOPLIST_FILE = DemoTree/Info.plist;
				IPHONEOS_DEPLOYMENT_TARGET = 7.0;
				LD_RUNPATH_SEARCH_PATHS = "$(inherited) @executable_path/Frameworks";
				ONLY_ACTIVE_ARCH = YES;
				OTHER_LDFLAGS = "$(inherited)";
				PRODUCT_NAME = "$(TARGET_NAME)";
				PROVISIONING_PROFILE = "a5bf5309-b3ff-4e3c-a755-43a275fed37c";
				TARGETED_DEVICE_FAMILY = 1;
				USER_HEADER_SEARCH_PATHS = "$(SRCROOT)/**";
			};
			name = Debug;
		};
		A0DFCBEA1B2D7CEA00A1D91F /* Release */ = {
			isa = XCBuildConfiguration;
			baseConfigurationReference = DB10E2DE2B27A0FDBFFCB399 /* Pods.release.xcconfig */;
			buildSettings = {
				ASSETCATALOG_COMPILER_APPICON_NAME = AppIcon;
				CODE_SIGN_IDENTITY = "";
				GCC_PREFIX_HEADER = "$(SRCROOT)/DemoTree/DemoTree.pch";
				INFOPLIST_FILE = DemoTree/Info.plist;
				IPHONEOS_DEPLOYMENT_TARGET = 7.0;
				LD_RUNPATH_SEARCH_PATHS = "$(inherited) @executable_path/Frameworks";
				ONLY_ACTIVE_ARCH = YES;
				OTHER_LDFLAGS = "$(inherited)";
				PRODUCT_NAME = "$(TARGET_NAME)";
				PROVISIONING_PROFILE = "";
				TARGETED_DEVICE_FAMILY = 1;
				USER_HEADER_SEARCH_PATHS = "$(SRCROOT)/**";
			};
			name = Release;
		};
		A0DFCBEC1B2D7CEA00A1D91F /* Debug */ = {
			isa = XCBuildConfiguration;
			buildSettings = {
				BUNDLE_LOADER = "$(TEST_HOST)";
				FRAMEWORK_SEARCH_PATHS = (
					"$(SDKROOT)/Developer/Library/Frameworks",
					"$(inherited)",
				);
				GCC_PREPROCESSOR_DEFINITIONS = (
					"DEBUG=1",
					"$(inherited)",
				);
				INFOPLIST_FILE = DemoTreeTests/Info.plist;
				LD_RUNPATH_SEARCH_PATHS = "$(inherited) @executable_path/Frameworks @loader_path/Frameworks";
				PRODUCT_NAME = "$(TARGET_NAME)";
				TEST_HOST = "$(BUILT_PRODUCTS_DIR)/DemoTree.app/DemoTree";
			};
			name = Debug;
		};
		A0DFCBED1B2D7CEA00A1D91F /* Release */ = {
			isa = XCBuildConfiguration;
			buildSettings = {
				BUNDLE_LOADER = "$(TEST_HOST)";
				FRAMEWORK_SEARCH_PATHS = (
					"$(SDKROOT)/Developer/Library/Frameworks",
					"$(inherited)",
				);
				INFOPLIST_FILE = DemoTreeTests/Info.plist;
				LD_RUNPATH_SEARCH_PATHS = "$(inherited) @executable_path/Frameworks @loader_path/Frameworks";
				PRODUCT_NAME = "$(TARGET_NAME)";
				TEST_HOST = "$(BUILT_PRODUCTS_DIR)/DemoTree.app/DemoTree";
			};
			name = Release;
		};
/* End XCBuildConfiguration section */

/* Begin XCConfigurationList section */
		A0DFCBC01B2D7CEA00A1D91F /* Build configuration list for PBXProject "DemoTree" */ = {
			isa = XCConfigurationList;
			buildConfigurations = (
				A0DFCBE61B2D7CEA00A1D91F /* Debug */,
				A0DFCBE71B2D7CEA00A1D91F /* Release */,
			);
			defaultConfigurationIsVisible = 0;
			defaultConfigurationName = Release;
		};
		A0DFCBE81B2D7CEA00A1D91F /* Build configuration list for PBXNativeTarget "DemoTree" */ = {
			isa = XCConfigurationList;
			buildConfigurations = (
				A0DFCBE91B2D7CEA00A1D91F /* Debug */,
				A0DFCBEA1B2D7CEA00A1D91F /* Release */,
			);
			defaultConfigurationIsVisible = 0;
			defaultConfigurationName = Release;
		};
		A0DFCBEB1B2D7CEA00A1D91F /* Build configuration list for PBXNativeTarget "DemoTreeTests" */ = {
			isa = XCConfigurationList;
			buildConfigurations = (
				A0DFCBEC1B2D7CEA00A1D91F /* Debug */,
				A0DFCBED1B2D7CEA00A1D91F /* Release */,
			);
			defaultConfigurationIsVisible = 0;
			defaultConfigurationName = Release;
		};
/* End XCConfigurationList section */
	};
	rootObject = A0DFCBBD1B2D7CEA00A1D91F /* Project object */;
}
